// !$*UTF8*$!
{
	archiveVersion = 1;
	classes = {
	};
	objectVersion = 55;
	objects = {

/* Begin PBXBuildFile section */
		0305AF122850877C009398A6 /* QueryService.swift in Sources */ = {isa = PBXBuildFile; fileRef = 0305AF112850877C009398A6 /* QueryService.swift */; };
		0305AF1B28563C5E009398A6 /* ResponseStructure.swift in Sources */ = {isa = PBXBuildFile; fileRef = 0305AF1A28563C5E009398A6 /* ResponseStructure.swift */; };
		0305AF1F2856419F009398A6 /* TeamStructure.swift in Sources */ = {isa = PBXBuildFile; fileRef = 0305AF1E2856419F009398A6 /* TeamStructure.swift */; };
		032AB20D284E01C400C6A83A /* AppDelegate.swift in Sources */ = {isa = PBXBuildFile; fileRef = 032AB20C284E01C400C6A83A /* AppDelegate.swift */; };
		032AB211284E01C400C6A83A /* ViewController.swift in Sources */ = {isa = PBXBuildFile; fileRef = 032AB210284E01C400C6A83A /* ViewController.swift */; };
		032AB216284E01C600C6A83A /* Assets.xcassets in Resources */ = {isa = PBXBuildFile; fileRef = 032AB215284E01C600C6A83A /* Assets.xcassets */; };
		032AB219284E01C600C6A83A /* LaunchScreen.storyboard in Resources */ = {isa = PBXBuildFile; fileRef = 032AB217284E01C600C6A83A /* LaunchScreen.storyboard */; };
		032AB224284E01C600C6A83A /* FootballNewsTests.swift in Sources */ = {isa = PBXBuildFile; fileRef = 032AB223284E01C600C6A83A /* FootballNewsTests.swift */; };
		032AB22E284E01C600C6A83A /* FootballNewsUITests.swift in Sources */ = {isa = PBXBuildFile; fileRef = 032AB22D284E01C600C6A83A /* FootballNewsUITests.swift */; };
		032AB230284E01C600C6A83A /* FootballNewsUITestsLaunchTests.swift in Sources */ = {isa = PBXBuildFile; fileRef = 032AB22F284E01C600C6A83A /* FootballNewsUITestsLaunchTests.swift */; };
		03CF3DAA284F3D1A00200D02 /* ImageCache.swift in Sources */ = {isa = PBXBuildFile; fileRef = 03CF3DA7284F3D1A00200D02 /* ImageCache.swift */; };
		03CF3DAB284F3D1A00200D02 /* NetworkManager.swift in Sources */ = {isa = PBXBuildFile; fileRef = 03CF3DA8284F3D1A00200D02 /* NetworkManager.swift */; };
		03CF3DAC284F3D1A00200D02 /* ImageDownloader.swift in Sources */ = {isa = PBXBuildFile; fileRef = 03CF3DA9284F3D1A00200D02 /* ImageDownloader.swift */; };
		03ECED20284E0C2D009D9D3C /* .gitignore in Resources */ = {isa = PBXBuildFile; fileRef = 03ECED1F284E0C2D009D9D3C /* .gitignore */; };
/* End PBXBuildFile section */

/* Begin PBXContainerItemProxy section */
		032AB220284E01C600C6A83A /* PBXContainerItemProxy */ = {
			isa = PBXContainerItemProxy;
			containerPortal = 032AB201284E01C400C6A83A /* Project object */;
			proxyType = 1;
			remoteGlobalIDString = 032AB208284E01C400C6A83A;
			remoteInfo = FootballNews;
		};
		032AB22A284E01C600C6A83A /* PBXContainerItemProxy */ = {
			isa = PBXContainerItemProxy;
			containerPortal = 032AB201284E01C400C6A83A /* Project object */;
			proxyType = 1;
			remoteGlobalIDString = 032AB208284E01C400C6A83A;
			remoteInfo = FootballNews;
		};
/* End PBXContainerItemProxy section */

/* Begin PBXFileReference section */
		0305AF112850877C009398A6 /* QueryService.swift */ = {isa = PBXFileReference; lastKnownFileType = sourcecode.swift; path = QueryService.swift; sourceTree = "<group>"; };
		0305AF1A28563C5E009398A6 /* ResponseStructure.swift */ = {isa = PBXFileReference; lastKnownFileType = sourcecode.swift; path = ResponseStructure.swift; sourceTree = "<group>"; };
		0305AF1E2856419F009398A6 /* TeamStructure.swift */ = {isa = PBXFileReference; lastKnownFileType = sourcecode.swift; path = TeamStructure.swift; sourceTree = "<group>"; };
		032AB209284E01C400C6A83A /* FootballNews.app */ = {isa = PBXFileReference; explicitFileType = wrapper.application; includeInIndex = 0; path = FootballNews.app; sourceTree = BUILT_PRODUCTS_DIR; };
		032AB20C284E01C400C6A83A /* AppDelegate.swift */ = {isa = PBXFileReference; lastKnownFileType = sourcecode.swift; path = AppDelegate.swift; sourceTree = "<group>"; };
		032AB210284E01C400C6A83A /* ViewController.swift */ = {isa = PBXFileReference; lastKnownFileType = sourcecode.swift; path = ViewController.swift; sourceTree = "<group>"; };
		032AB215284E01C600C6A83A /* Assets.xcassets */ = {isa = PBXFileReference; lastKnownFileType = folder.assetcatalog; path = Assets.xcassets; sourceTree = "<group>"; };
		032AB218284E01C600C6A83A /* Base */ = {isa = PBXFileReference; lastKnownFileType = file.storyboard; name = Base; path = Base.lproj/LaunchScreen.storyboard; sourceTree = "<group>"; };
		032AB21A284E01C600C6A83A /* Info.plist */ = {isa = PBXFileReference; lastKnownFileType = text.plist.xml; path = Info.plist; sourceTree = "<group>"; };
		032AB21F284E01C600C6A83A /* FootballNewsTests.xctest */ = {isa = PBXFileReference; explicitFileType = wrapper.cfbundle; includeInIndex = 0; path = FootballNewsTests.xctest; sourceTree = BUILT_PRODUCTS_DIR; };
		032AB223284E01C600C6A83A /* FootballNewsTests.swift */ = {isa = PBXFileReference; lastKnownFileType = sourcecode.swift; path = FootballNewsTests.swift; sourceTree = "<group>"; };
		032AB229284E01C600C6A83A /* FootballNewsUITests.xctest */ = {isa = PBXFileReference; explicitFileType = wrapper.cfbundle; includeInIndex = 0; path = FootballNewsUITests.xctest; sourceTree = BUILT_PRODUCTS_DIR; };
		032AB22D284E01C600C6A83A /* FootballNewsUITests.swift */ = {isa = PBXFileReference; lastKnownFileType = sourcecode.swift; path = FootballNewsUITests.swift; sourceTree = "<group>"; };
		032AB22F284E01C600C6A83A /* FootballNewsUITestsLaunchTests.swift */ = {isa = PBXFileReference; lastKnownFileType = sourcecode.swift; path = FootballNewsUITestsLaunchTests.swift; sourceTree = "<group>"; };
		03CF3DA7284F3D1A00200D02 /* ImageCache.swift */ = {isa = PBXFileReference; fileEncoding = 4; lastKnownFileType = sourcecode.swift; name = ImageCache.swift; path = FootballNews/DataHandler/ImageCache.swift; sourceTree = SOURCE_ROOT; };
		03CF3DA8284F3D1A00200D02 /* NetworkManager.swift */ = {isa = PBXFileReference; fileEncoding = 4; lastKnownFileType = sourcecode.swift; name = NetworkManager.swift; path = FootballNews/Network/NetworkManager.swift; sourceTree = SOURCE_ROOT; };
		03CF3DA9284F3D1A00200D02 /* ImageDownloader.swift */ = {isa = PBXFileReference; fileEncoding = 4; lastKnownFileType = sourcecode.swift; name = ImageDownloader.swift; path = FootballNews/Network/ImageDownloader.swift; sourceTree = SOURCE_ROOT; };
		03ECED1F284E0C2D009D9D3C /* .gitignore */ = {isa = PBXFileReference; lastKnownFileType = text; path = .gitignore; sourceTree = "<group>"; };
/* End PBXFileReference section */

/* Begin PBXFrameworksBuildPhase section */
		032AB206284E01C400C6A83A /* Frameworks */ = {
			isa = PBXFrameworksBuildPhase;
			buildActionMask = 2147483647;
			files = (
			);
			runOnlyForDeploymentPostprocessing = 0;
		};
		032AB21C284E01C600C6A83A /* Frameworks */ = {
			isa = PBXFrameworksBuildPhase;
			buildActionMask = 2147483647;
			files = (
			);
			runOnlyForDeploymentPostprocessing = 0;
		};
		032AB226284E01C600C6A83A /* Frameworks */ = {
			isa = PBXFrameworksBuildPhase;
			buildActionMask = 2147483647;
			files = (
			);
			runOnlyForDeploymentPostprocessing = 0;
		};
/* End PBXFrameworksBuildPhase section */

/* Begin PBXGroup section */
		0305AF142851FB2E009398A6 /* DataHandler */ = {
			isa = PBXGroup;
			children = (
				0305AF172856161D009398A6 /* DataStructure */,
				0305AF1A28563C5E009398A6 /* ResponseStructure.swift */,
				03CF3DA7284F3D1A00200D02 /* ImageCache.swift */,
			);
			path = DataHandler;
			sourceTree = "<group>";
		};
		0305AF172856161D009398A6 /* DataStructure */ = {
			isa = PBXGroup;
			children = (
				0305AF1E2856419F009398A6 /* TeamStructure.swift */,
			);
			path = DataStructure;
			sourceTree = "<group>";
		};
		032AB200284E01C400C6A83A = {
			isa = PBXGroup;
			children = (
				032AB20B284E01C400C6A83A /* FootballNews */,
				032AB222284E01C600C6A83A /* FootballNewsTests */,
				032AB22C284E01C600C6A83A /* FootballNewsUITests */,
				03ECED21284E0C42009D9D3C /* Git */,
				032AB20A284E01C400C6A83A /* Products */,
			);
			sourceTree = "<group>";
		};
		032AB20A284E01C400C6A83A /* Products */ = {
			isa = PBXGroup;
			children = (
				032AB209284E01C400C6A83A /* FootballNews.app */,
				032AB21F284E01C600C6A83A /* FootballNewsTests.xctest */,
				032AB229284E01C600C6A83A /* FootballNewsUITests.xctest */,
			);
			name = Products;
			sourceTree = "<group>";
		};
		032AB20B284E01C400C6A83A /* FootballNews */ = {
			isa = PBXGroup;
			children = (
				032AB20C284E01C400C6A83A /* AppDelegate.swift */,
				032AB210284E01C400C6A83A /* ViewController.swift */,
				0305AF142851FB2E009398A6 /* DataHandler */,
				03ECED1E284E0BAA009D9D3C /* Network */,
				03ECED1D284E0B65009D9D3C /* Resources */,
			);
			path = FootballNews;
			sourceTree = "<group>";
		};
		032AB222284E01C600C6A83A /* FootballNewsTests */ = {
			isa = PBXGroup;
			children = (
				032AB223284E01C600C6A83A /* FootballNewsTests.swift */,
			);
			path = FootballNewsTests;
			sourceTree = "<group>";
		};
		032AB22C284E01C600C6A83A /* FootballNewsUITests */ = {
			isa = PBXGroup;
			children = (
				032AB22D284E01C600C6A83A /* FootballNewsUITests.swift */,
				032AB22F284E01C600C6A83A /* FootballNewsUITestsLaunchTests.swift */,
			);
			path = FootballNewsUITests;
			sourceTree = "<group>";
		};
		03ECED1D284E0B65009D9D3C /* Resources */ = {
			isa = PBXGroup;
			children = (
				032AB215284E01C600C6A83A /* Assets.xcassets */,
				032AB217284E01C600C6A83A /* LaunchScreen.storyboard */,
				032AB21A284E01C600C6A83A /* Info.plist */,
			);
			path = Resources;
			sourceTree = "<group>";
		};
		03ECED1E284E0BAA009D9D3C /* Network */ = {
			isa = PBXGroup;
			children = (
				03CF3DA8284F3D1A00200D02 /* NetworkManager.swift */,
				03CF3DA9284F3D1A00200D02 /* ImageDownloader.swift */,
				0305AF112850877C009398A6 /* QueryService.swift */,
			);
			path = Network;
			sourceTree = "<group>";
		};
		03ECED21284E0C42009D9D3C /* Git */ = {
			isa = PBXGroup;
			children = (
				03ECED1F284E0C2D009D9D3C /* .gitignore */,
			);
			name = Git;
			sourceTree = "<group>";
		};
/* End PBXGroup section */

/* Begin PBXNativeTarget section */
		032AB208284E01C400C6A83A /* FootballNews */ = {
			isa = PBXNativeTarget;
			buildConfigurationList = 032AB233284E01C600C6A83A /* Build configuration list for PBXNativeTarget "FootballNews" */;
			buildPhases = (
				032AB205284E01C400C6A83A /* Sources */,
				032AB206284E01C400C6A83A /* Frameworks */,
				032AB207284E01C400C6A83A /* Resources */,
			);
			buildRules = (
			);
			dependencies = (
			);
			name = FootballNews;
			productName = FootballNews;
			productReference = 032AB209284E01C400C6A83A /* FootballNews.app */;
			productType = "com.apple.product-type.application";
		};
		032AB21E284E01C600C6A83A /* FootballNewsTests */ = {
			isa = PBXNativeTarget;
			buildConfigurationList = 032AB236284E01C600C6A83A /* Build configuration list for PBXNativeTarget "FootballNewsTests" */;
			buildPhases = (
				032AB21B284E01C600C6A83A /* Sources */,
				032AB21C284E01C600C6A83A /* Frameworks */,
				032AB21D284E01C600C6A83A /* Resources */,
			);
			buildRules = (
			);
			dependencies = (
				032AB221284E01C600C6A83A /* PBXTargetDependency */,
			);
			name = FootballNewsTests;
			productName = FootballNewsTests;
			productReference = 032AB21F284E01C600C6A83A /* FootballNewsTests.xctest */;
			productType = "com.apple.product-type.bundle.unit-test";
		};
		032AB228284E01C600C6A83A /* FootballNewsUITests */ = {
			isa = PBXNativeTarget;
			buildConfigurationList = 032AB239284E01C600C6A83A /* Build configuration list for PBXNativeTarget "FootballNewsUITests" */;
			buildPhases = (
				032AB225284E01C600C6A83A /* Sources */,
				032AB226284E01C600C6A83A /* Frameworks */,
				032AB227284E01C600C6A83A /* Resources */,
			);
			buildRules = (
			);
			dependencies = (
				032AB22B284E01C600C6A83A /* PBXTargetDependency */,
			);
			name = FootballNewsUITests;
			productName = FootballNewsUITests;
			productReference = 032AB229284E01C600C6A83A /* FootballNewsUITests.xctest */;
			productType = "com.apple.product-type.bundle.ui-testing";
		};
/* End PBXNativeTarget section */

/* Begin PBXProject section */
		032AB201284E01C400C6A83A /* Project object */ = {
			isa = PBXProject;
			attributes = {
				BuildIndependentTargetsInParallel = 1;
				LastSwiftUpdateCheck = 1340;
				LastUpgradeCheck = 1340;
				TargetAttributes = {
					032AB208284E01C400C6A83A = {
						CreatedOnToolsVersion = 13.4;
					};
					032AB21E284E01C600C6A83A = {
						CreatedOnToolsVersion = 13.4;
						TestTargetID = 032AB208284E01C400C6A83A;
					};
					032AB228284E01C600C6A83A = {
						CreatedOnToolsVersion = 13.4;
						TestTargetID = 032AB208284E01C400C6A83A;
					};
				};
			};
			buildConfigurationList = 032AB204284E01C400C6A83A /* Build configuration list for PBXProject "FootballNews" */;
			compatibilityVersion = "Xcode 13.0";
			developmentRegion = en;
			hasScannedForEncodings = 0;
			knownRegions = (
				en,
				Base,
			);
			mainGroup = 032AB200284E01C400C6A83A;
			productRefGroup = 032AB20A284E01C400C6A83A /* Products */;
			projectDirPath = "";
			projectRoot = "";
			targets = (
				032AB208284E01C400C6A83A /* FootballNews */,
				032AB21E284E01C600C6A83A /* FootballNewsTests */,
				032AB228284E01C600C6A83A /* FootballNewsUITests */,
			);
		};
/* End PBXProject section */

/* Begin PBXResourcesBuildPhase section */
		032AB207284E01C400C6A83A /* Resources */ = {
			isa = PBXResourcesBuildPhase;
			buildActionMask = 2147483647;
			files = (
				032AB219284E01C600C6A83A /* LaunchScreen.storyboard in Resources */,
				03ECED20284E0C2D009D9D3C /* .gitignore in Resources */,
				032AB216284E01C600C6A83A /* Assets.xcassets in Resources */,
			);
			runOnlyForDeploymentPostprocessing = 0;
		};
		032AB21D284E01C600C6A83A /* Resources */ = {
			isa = PBXResourcesBuildPhase;
			buildActionMask = 2147483647;
			files = (
			);
			runOnlyForDeploymentPostprocessing = 0;
		};
		032AB227284E01C600C6A83A /* Resources */ = {
			isa = PBXResourcesBuildPhase;
			buildActionMask = 2147483647;
			files = (
			);
			runOnlyForDeploymentPostprocessing = 0;
		};
/* End PBXResourcesBuildPhase section */

/* Begin PBXSourcesBuildPhase section */
		032AB205284E01C400C6A83A /* Sources */ = {
			isa = PBXSourcesBuildPhase;
			buildActionMask = 2147483647;
			files = (
				03CF3DAB284F3D1A00200D02 /* NetworkManager.swift in Sources */,
				03CF3DAC284F3D1A00200D02 /* ImageDownloader.swift in Sources */,
				03CF3DAA284F3D1A00200D02 /* ImageCache.swift in Sources */,
				032AB211284E01C400C6A83A /* ViewController.swift in Sources */,
				0305AF122850877C009398A6 /* QueryService.swift in Sources */,
				032AB20D284E01C400C6A83A /* AppDelegate.swift in Sources */,
				0305AF1F2856419F009398A6 /* TeamStructure.swift in Sources */,
				0305AF1B28563C5E009398A6 /* ResponseStructure.swift in Sources */,
			);
			runOnlyForDeploymentPostprocessing = 0;
		};
		032AB21B284E01C600C6A83A /* Sources */ = {
			isa = PBXSourcesBuildPhase;
			buildActionMask = 2147483647;
			files = (
				032AB224284E01C600C6A83A /* FootballNewsTests.swift in Sources */,
			);
			runOnlyForDeploymentPostprocessing = 0;
		};
		032AB225284E01C600C6A83A /* Sources */ = {
			isa = PBXSourcesBuildPhase;
			buildActionMask = 2147483647;
			files = (
				032AB230284E01C600C6A83A /* FootballNewsUITestsLaunchTests.swift in Sources */,
				032AB22E284E01C600C6A83A /* FootballNewsUITests.swift in Sources */,
			);
			runOnlyForDeploymentPostprocessing = 0;
		};
/* End PBXSourcesBuildPhase section */

/* Begin PBXTargetDependency section */
		032AB221284E01C600C6A83A /* PBXTargetDependency */ = {
			isa = PBXTargetDependency;
			target = 032AB208284E01C400C6A83A /* FootballNews */;
			targetProxy = 032AB220284E01C600C6A83A /* PBXContainerItemProxy */;
		};
		032AB22B284E01C600C6A83A /* PBXTargetDependency */ = {
			isa = PBXTargetDependency;
			target = 032AB208284E01C400C6A83A /* FootballNews */;
			targetProxy = 032AB22A284E01C600C6A83A /* PBXContainerItemProxy */;
		};
/* End PBXTargetDependency section */

/* Begin PBXVariantGroup section */
		032AB217284E01C600C6A83A /* LaunchScreen.storyboard */ = {
			isa = PBXVariantGroup;
			children = (
				032AB218284E01C600C6A83A /* Base */,
			);
			name = LaunchScreen.storyboard;
			sourceTree = "<group>";
		};
/* End PBXVariantGroup section */

/* Begin XCBuildConfiguration section */
		032AB231284E01C600C6A83A /* Debug */ = {
			isa = XCBuildConfiguration;
			buildSettings = {
				ALWAYS_SEARCH_USER_PATHS = NO;
				CLANG_ANALYZER_NONNULL = YES;
				CLANG_ANALYZER_NUMBER_OBJECT_CONVERSION = YES_AGGRESSIVE;
				CLANG_CXX_LANGUAGE_STANDARD = "gnu++17";
				CLANG_ENABLE_MODULES = YES;
				CLANG_ENABLE_OBJC_ARC = YES;
				CLANG_ENABLE_OBJC_WEAK = YES;
				CLANG_WARN_BLOCK_CAPTURE_AUTORELEASING = YES;
				CLANG_WARN_BOOL_CONVERSION = YES;
				CLANG_WARN_COMMA = YES;
				CLANG_WARN_CONSTANT_CONVERSION = YES;
				CLANG_WARN_DEPRECATED_OBJC_IMPLEMENTATIONS = YES;
				CLANG_WARN_DIRECT_OBJC_ISA_USAGE = YES_ERROR;
				CLANG_WARN_DOCUMENTATION_COMMENTS = YES;
				CLANG_WARN_EMPTY_BODY = YES;
				CLANG_WARN_ENUM_CONVERSION = YES;
				CLANG_WARN_INFINITE_RECURSION = YES;
				CLANG_WARN_INT_CONVERSION = YES;
				CLANG_WARN_NON_LITERAL_NULL_CONVERSION = YES;
				CLANG_WARN_OBJC_IMPLICIT_RETAIN_SELF = YES;
				CLANG_WARN_OBJC_LITERAL_CONVERSION = YES;
				CLANG_WARN_OBJC_ROOT_CLASS = YES_ERROR;
				CLANG_WARN_QUOTED_INCLUDE_IN_FRAMEWORK_HEADER = YES;
				CLANG_WARN_RANGE_LOOP_ANALYSIS = YES;
				CLANG_WARN_STRICT_PROTOTYPES = YES;
				CLANG_WARN_SUSPICIOUS_MOVE = YES;
				CLANG_WARN_UNGUARDED_AVAILABILITY = YES_AGGRESSIVE;
				CLANG_WARN_UNREACHABLE_CODE = YES;
				CLANG_WARN__DUPLICATE_METHOD_MATCH = YES;
				COPY_PHASE_STRIP = NO;
				DEBUG_INFORMATION_FORMAT = dwarf;
				ENABLE_STRICT_OBJC_MSGSEND = YES;
				ENABLE_TESTABILITY = YES;
				GCC_C_LANGUAGE_STANDARD = gnu11;
				GCC_DYNAMIC_NO_PIC = NO;
				GCC_NO_COMMON_BLOCKS = YES;
				GCC_OPTIMIZATION_LEVEL = 0;
				GCC_PREPROCESSOR_DEFINITIONS = (
					"DEBUG=1",
					"$(inherited)",
				);
				GCC_WARN_64_TO_32_BIT_CONVERSION = YES;
				GCC_WARN_ABOUT_RETURN_TYPE = YES_ERROR;
				GCC_WARN_UNDECLARED_SELECTOR = YES;
				GCC_WARN_UNINITIALIZED_AUTOS = YES_AGGRESSIVE;
				GCC_WARN_UNUSED_FUNCTION = YES;
				GCC_WARN_UNUSED_VARIABLE = YES;
				IPHONEOS_DEPLOYMENT_TARGET = 11.0;
				MTL_ENABLE_DEBUG_INFO = INCLUDE_SOURCE;
				MTL_FAST_MATH = YES;
				ONLY_ACTIVE_ARCH = YES;
				SDKROOT = iphoneos;
				SWIFT_ACTIVE_COMPILATION_CONDITIONS = DEBUG;
				SWIFT_OPTIMIZATION_LEVEL = "-Onone";
			};
			name = Debug;
		};
		032AB232284E01C600C6A83A /* Release */ = {
			isa = XCBuildConfiguration;
			buildSettings = {
				ALWAYS_SEARCH_USER_PATHS = NO;
				CLANG_ANALYZER_NONNULL = YES;
				CLANG_ANALYZER_NUMBER_OBJECT_CONVERSION = YES_AGGRESSIVE;
				CLANG_CXX_LANGUAGE_STANDARD = "gnu++17";
				CLANG_ENABLE_MODULES = YES;
				CLANG_ENABLE_OBJC_ARC = YES;
				CLANG_ENABLE_OBJC_WEAK = YES;
				CLANG_WARN_BLOCK_CAPTURE_AUTORELEASING = YES;
				CLANG_WARN_BOOL_CONVERSION = YES;
				CLANG_WARN_COMMA = YES;
				CLANG_WARN_CONSTANT_CONVERSION = YES;
				CLANG_WARN_DEPRECATED_OBJC_IMPLEMENTATIONS = YES;
				CLANG_WARN_DIRECT_OBJC_ISA_USAGE = YES_ERROR;
				CLANG_WARN_DOCUMENTATION_COMMENTS = YES;
				CLANG_WARN_EMPTY_BODY = YES;
				CLANG_WARN_ENUM_CONVERSION = YES;
				CLANG_WARN_INFINITE_RECURSION = YES;
				CLANG_WARN_INT_CONVERSION = YES;
				CLANG_WARN_NON_LITERAL_NULL_CONVERSION = YES;
				CLANG_WARN_OBJC_IMPLICIT_RETAIN_SELF = YES;
				CLANG_WARN_OBJC_LITERAL_CONVERSION = YES;
				CLANG_WARN_OBJC_ROOT_CLASS = YES_ERROR;
				CLANG_WARN_QUOTED_INCLUDE_IN_FRAMEWORK_HEADER = YES;
				CLANG_WARN_RANGE_LOOP_ANALYSIS = YES;
				CLANG_WARN_STRICT_PROTOTYPES = YES;
				CLANG_WARN_SUSPICIOUS_MOVE = YES;
				CLANG_WARN_UNGUARDED_AVAILABILITY = YES_AGGRESSIVE;
				CLANG_WARN_UNREACHABLE_CODE = YES;
				CLANG_WARN__DUPLICATE_METHOD_MATCH = YES;
				COPY_PHASE_STRIP = NO;
				DEBUG_INFORMATION_FORMAT = "dwarf-with-dsym";
				ENABLE_NS_ASSERTIONS = NO;
				ENABLE_STRICT_OBJC_MSGSEND = YES;
				GCC_C_LANGUAGE_STANDARD = gnu11;
				GCC_NO_COMMON_BLOCKS = YES;
				GCC_WARN_64_TO_32_BIT_CONVERSION = YES;
				GCC_WARN_ABOUT_RETURN_TYPE = YES_ERROR;
				GCC_WARN_UNDECLARED_SELECTOR = YES;
				GCC_WARN_UNINITIALIZED_AUTOS = YES_AGGRESSIVE;
				GCC_WARN_UNUSED_FUNCTION = YES;
				GCC_WARN_UNUSED_VARIABLE = YES;
				IPHONEOS_DEPLOYMENT_TARGET = 11.0;
				MTL_ENABLE_DEBUG_INFO = NO;
				MTL_FAST_MATH = YES;
				SDKROOT = iphoneos;
				SWIFT_COMPILATION_MODE = wholemodule;
				SWIFT_OPTIMIZATION_LEVEL = "-O";
				VALIDATE_PRODUCT = YES;
			};
			name = Release;
		};
		032AB234284E01C600C6A83A /* Debug */ = {
			isa = XCBuildConfiguration;
			buildSettings = {
				ASSETCATALOG_COMPILER_APPICON_NAME = AppIcon;
				ASSETCATALOG_COMPILER_GLOBAL_ACCENT_COLOR_NAME = AccentColor;
				CODE_SIGN_STYLE = Automatic;
				CURRENT_PROJECT_VERSION = 1;
				GENERATE_INFOPLIST_FILE = YES;
				INFOPLIST_FILE = FootballNews/Info.plist;
				INFOPLIST_KEY_UIApplicationSupportsIndirectInputEvents = YES;
				INFOPLIST_KEY_UILaunchStoryboardName = LaunchScreen;
				INFOPLIST_KEY_UIMainStoryboardFile = LaunchScreen;
				INFOPLIST_KEY_UISupportedInterfaceOrientations_iPad = "UIInterfaceOrientationPortrait UIInterfaceOrientationPortraitUpsideDown UIInterfaceOrientationLandscapeLeft UIInterfaceOrientationLandscapeRight";
				INFOPLIST_KEY_UISupportedInterfaceOrientations_iPhone = "UIInterfaceOrientationPortrait UIInterfaceOrientationLandscapeLeft UIInterfaceOrientationLandscapeRight";
				LD_RUNPATH_SEARCH_PATHS = (
					"$(inherited)",
					"@executable_path/Frameworks",
				);
				MARKETING_VERSION = 1.0;
				PRODUCT_BUNDLE_IDENTIFIER = BaoMoi.FootballNews;
				PRODUCT_NAME = "$(TARGET_NAME)";
				SWIFT_EMIT_LOC_STRINGS = YES;
				SWIFT_VERSION = 5.0;
				TARGETED_DEVICE_FAMILY = "1,2";
			};
			name = Debug;
		};
		032AB235284E01C600C6A83A /* Release */ = {
			isa = XCBuildConfiguration;
			buildSettings = {
				ASSETCATALOG_COMPILER_APPICON_NAME = AppIcon;
				ASSETCATALOG_COMPILER_GLOBAL_ACCENT_COLOR_NAME = AccentColor;
				CODE_SIGN_STYLE = Automatic;
				CURRENT_PROJECT_VERSION = 1;
				GENERATE_INFOPLIST_FILE = YES;
				INFOPLIST_FILE = FootballNews/Info.plist;
				INFOPLIST_KEY_UIApplicationSupportsIndirectInputEvents = YES;
				INFOPLIST_KEY_UILaunchStoryboardName = LaunchScreen;
				INFOPLIST_KEY_UIMainStoryboardFile = LaunchScreen;
				INFOPLIST_KEY_UISupportedInterfaceOrientations_iPad = "UIInterfaceOrientationPortrait UIInterfaceOrientationPortraitUpsideDown UIInterfaceOrientationLandscapeLeft UIInterfaceOrientationLandscapeRight";
				INFOPLIST_KEY_UISupportedInterfaceOrientations_iPhone = "UIInterfaceOrientationPortrait UIInterfaceOrientationLandscapeLeft UIInterfaceOrientationLandscapeRight";
				LD_RUNPATH_SEARCH_PATHS = (
					"$(inherited)",
					"@executable_path/Frameworks",
				);
				MARKETING_VERSION = 1.0;
				PRODUCT_BUNDLE_IDENTIFIER = BaoMoi.FootballNews;
				PRODUCT_NAME = "$(TARGET_NAME)";
				SWIFT_EMIT_LOC_STRINGS = YES;
				SWIFT_VERSION = 5.0;
				TARGETED_DEVICE_FAMILY = "1,2";
			};
			name = Release;
		};
		032AB237284E01C600C6A83A /* Debug */ = {
			isa = XCBuildConfiguration;
			buildSettings = {
				ALWAYS_EMBED_SWIFT_STANDARD_LIBRARIES = YES;
				BUNDLE_LOADER = "$(TEST_HOST)";
				CODE_SIGN_STYLE = Automatic;
				CURRENT_PROJECT_VERSION = 1;
				GENERATE_INFOPLIST_FILE = YES;
				IPHONEOS_DEPLOYMENT_TARGET = 15.5;
				MARKETING_VERSION = 1.0;
				PRODUCT_BUNDLE_IDENTIFIER = BaoMoi.FootballNewsTests;
				PRODUCT_NAME = "$(TARGET_NAME)";
				SWIFT_EMIT_LOC_STRINGS = NO;
				SWIFT_VERSION = 5.0;
				TARGETED_DEVICE_FAMILY = "1,2";
				TEST_HOST = "$(BUILT_PRODUCTS_DIR)/FootballNews.app/FootballNews";
			};
			name = Debug;
		};
		032AB238284E01C600C6A83A /* Release */ = {
			isa = XCBuildConfiguration;
			buildSettings = {
				ALWAYS_EMBED_SWIFT_STANDARD_LIBRARIES = YES;
				BUNDLE_LOADER = "$(TEST_HOST)";
				CODE_SIGN_STYLE = Automatic;
				CURRENT_PROJECT_VERSION = 1;
				GENERATE_INFOPLIST_FILE = YES;
				IPHONEOS_DEPLOYMENT_TARGET = 15.5;
				MARKETING_VERSION = 1.0;
				PRODUCT_BUNDLE_IDENTIFIER = BaoMoi.FootballNewsTests;
				PRODUCT_NAME = "$(TARGET_NAME)";
				SWIFT_EMIT_LOC_STRINGS = NO;
				SWIFT_VERSION = 5.0;
				TARGETED_DEVICE_FAMILY = "1,2";
				TEST_HOST = "$(BUILT_PRODUCTS_DIR)/FootballNews.app/FootballNews";
			};
			name = Release;
		};
		032AB23A284E01C600C6A83A /* Debug */ = {
			isa = XCBuildConfiguration;
			buildSettings = {
				ALWAYS_EMBED_SWIFT_STANDARD_LIBRARIES = YES;
				CODE_SIGN_STYLE = Automatic;
				CURRENT_PROJECT_VERSION = 1;
				GENERATE_INFOPLIST_FILE = YES;
				MARKETING_VERSION = 1.0;
				PRODUCT_BUNDLE_IDENTIFIER = BaoMoi.FootballNewsUITests;
				PRODUCT_NAME = "$(TARGET_NAME)";
				SWIFT_EMIT_LOC_STRINGS = NO;
				SWIFT_VERSION = 5.0;
				TARGETED_DEVICE_FAMILY = "1,2";
				TEST_TARGET_NAME = FootballNews;
			};
			name = Debug;
		};
		032AB23B284E01C600C6A83A /* Release */ = {
			isa = XCBuildConfiguration;
			buildSettings = {
				ALWAYS_EMBED_SWIFT_STANDARD_LIBRARIES = YES;
				CODE_SIGN_STYLE = Automatic;
				CURRENT_PROJECT_VERSION = 1;
				GENERATE_INFOPLIST_FILE = YES;
				MARKETING_VERSION = 1.0;
				PRODUCT_BUNDLE_IDENTIFIER = BaoMoi.FootballNewsUITests;
				PRODUCT_NAME = "$(TARGET_NAME)";
				SWIFT_EMIT_LOC_STRINGS = NO;
				SWIFT_VERSION = 5.0;
				TARGETED_DEVICE_FAMILY = "1,2";
				TEST_TARGET_NAME = FootballNews;
			};
			name = Release;
		};
/* End XCBuildConfiguration section */

/* Begin XCConfigurationList section */
		032AB204284E01C400C6A83A /* Build configuration list for PBXProject "FootballNews" */ = {
			isa = XCConfigurationList;
			buildConfigurations = (
				032AB231284E01C600C6A83A /* Debug */,
				032AB232284E01C600C6A83A /* Release */,
			);
			defaultConfigurationIsVisible = 0;
			defaultConfigurationName = Release;
		};
		032AB233284E01C600C6A83A /* Build configuration list for PBXNativeTarget "FootballNews" */ = {
			isa = XCConfigurationList;
			buildConfigurations = (
				032AB234284E01C600C6A83A /* Debug */,
				032AB235284E01C600C6A83A /* Release */,
			);
			defaultConfigurationIsVisible = 0;
			defaultConfigurationName = Release;
		};
		032AB236284E01C600C6A83A /* Build configuration list for PBXNativeTarget "FootballNewsTests" */ = {
			isa = XCConfigurationList;
			buildConfigurations = (
				032AB237284E01C600C6A83A /* Debug */,
				032AB238284E01C600C6A83A /* Release */,
			);
			defaultConfigurationIsVisible = 0;
			defaultConfigurationName = Release;
		};
		032AB239284E01C600C6A83A /* Build configuration list for PBXNativeTarget "FootballNewsUITests" */ = {
			isa = XCConfigurationList;
			buildConfigurations = (
				032AB23A284E01C600C6A83A /* Debug */,
				032AB23B284E01C600C6A83A /* Release */,
			);
			defaultConfigurationIsVisible = 0;
			defaultConfigurationName = Release;
		};
/* End XCConfigurationList section */
	};
	rootObject = 032AB201284E01C400C6A83A /* Project object */;
}
