// !$*UTF8*$!
{
	archiveVersion = 1;
	classes = {
	};
	objectVersion = 55;
	objects = {

/* Begin PBXBuildFile section */
		0305AF122850877C009398A6 /* QueryService.swift in Sources */ = {isa = PBXBuildFile; fileRef = 0305AF112850877C009398A6 /* QueryService.swift */; };
		0305AF2928583C2E009398A6 /* ContentModel.swift in Sources */ = {isa = PBXBuildFile; fileRef = 0305AF2828583C2E009398A6 /* ContentModel.swift */; };
		0305AF2B28583C59009398A6 /* TeamModel.swift in Sources */ = {isa = PBXBuildFile; fileRef = 0305AF2A28583C59009398A6 /* TeamModel.swift */; };
		0305AF2D28583C71009398A6 /* MatchModel.swift in Sources */ = {isa = PBXBuildFile; fileRef = 0305AF2C28583C71009398A6 /* MatchModel.swift */; };
		0305AF2F28583C8E009398A6 /* CompetitionModel.swift in Sources */ = {isa = PBXBuildFile; fileRef = 0305AF2E28583C8E009398A6 /* CompetitionModel.swift */; };
		0305AF3228583D7E009398A6 /* ResponseModel.swift in Sources */ = {isa = PBXBuildFile; fileRef = 0305AF3128583D7E009398A6 /* ResponseModel.swift */; };
		0305AF482859DE60009398A6 /* ArticleCell.swift in Sources */ = {isa = PBXBuildFile; fileRef = 0305AF472859DE60009398A6 /* ArticleCell.swift */; };
		0305AF4C285ACBDD009398A6 /* HomeScoreBoardCell.swift in Sources */ = {isa = PBXBuildFile; fileRef = 0305AF4B285ACBDD009398A6 /* HomeScoreBoardCell.swift */; };
		0305AF4F285AE174009398A6 /* UIImageViewExtension.swift in Sources */ = {isa = PBXBuildFile; fileRef = 0305AF4E285AE174009398A6 /* UIImageViewExtension.swift */; };
		0305AF54285C30D4009398A6 /* HomeCompetitionCell.swift in Sources */ = {isa = PBXBuildFile; fileRef = 0305AF53285C30D4009398A6 /* HomeCompetitionCell.swift */; };
		0305AF58285C390E009398A6 /* HomeViewController.swift in Sources */ = {isa = PBXBuildFile; fileRef = 0305AF57285C390E009398A6 /* HomeViewController.swift */; };
		0305AF5C285C646A009398A6 /* DateExtension.swift in Sources */ = {isa = PBXBuildFile; fileRef = 0305AF5B285C646A009398A6 /* DateExtension.swift */; };
		032AB20D284E01C400C6A83A /* AppDelegate.swift in Sources */ = {isa = PBXBuildFile; fileRef = 032AB20C284E01C400C6A83A /* AppDelegate.swift */; };
		032AB216284E01C600C6A83A /* Assets.xcassets in Resources */ = {isa = PBXBuildFile; fileRef = 032AB215284E01C600C6A83A /* Assets.xcassets */; };
		032AB219284E01C600C6A83A /* LaunchScreen.storyboard in Resources */ = {isa = PBXBuildFile; fileRef = 032AB217284E01C600C6A83A /* LaunchScreen.storyboard */; };
		032AB224284E01C600C6A83A /* FootballNewsTests.swift in Sources */ = {isa = PBXBuildFile; fileRef = 032AB223284E01C600C6A83A /* FootballNewsTests.swift */; };
		032AB22E284E01C600C6A83A /* FootballNewsUITests.swift in Sources */ = {isa = PBXBuildFile; fileRef = 032AB22D284E01C600C6A83A /* FootballNewsUITests.swift */; };
		032AB230284E01C600C6A83A /* FootballNewsUITestsLaunchTests.swift in Sources */ = {isa = PBXBuildFile; fileRef = 032AB22F284E01C600C6A83A /* FootballNewsUITestsLaunchTests.swift */; };
		0344A93B286D940C00B38E38 /* ArticelDetailBodyTextCell.swift in Sources */ = {isa = PBXBuildFile; fileRef = 0344A93A286D940C00B38E38 /* ArticelDetailBodyTextCell.swift */; };
		0344A93D286D942400B38E38 /* ArticelDetailBodyImageCell.swift in Sources */ = {isa = PBXBuildFile; fileRef = 0344A93C286D942400B38E38 /* ArticelDetailBodyImageCell.swift */; };
		0344A93F286D953B00B38E38 /* UINavigationBarExtension.swift in Sources */ = {isa = PBXBuildFile; fileRef = 0344A93E286D953B00B38E38 /* UINavigationBarExtension.swift */; };
		0344A941286EF3BF00B38E38 /* UIViewExtension.swift in Sources */ = {isa = PBXBuildFile; fileRef = 0344A940286EF3BF00B38E38 /* UIViewExtension.swift */; };
		036D64C8286479CD006E68C5 /* CustomTitleView.swift in Sources */ = {isa = PBXBuildFile; fileRef = 036D64C7286479CD006E68C5 /* CustomTitleView.swift */; };
		036D64CA286564E2006E68C5 /* HomeScoreBoardCollectionCell.swift in Sources */ = {isa = PBXBuildFile; fileRef = 036D64C9286564E2006E68C5 /* HomeScoreBoardCollectionCell.swift */; };
		036D64CC2865652F006E68C5 /* HomeCompetitionCollectionCell.swift in Sources */ = {isa = PBXBuildFile; fileRef = 036D64CB2865652F006E68C5 /* HomeCompetitionCollectionCell.swift */; };
		036D64CE28656E2A006E68C5 /* LoadMoreIndicatorCell.swift in Sources */ = {isa = PBXBuildFile; fileRef = 036D64CD28656E2A006E68C5 /* LoadMoreIndicatorCell.swift */; };
		036D64D12865957C006E68C5 /* HomeDataSource.swift in Sources */ = {isa = PBXBuildFile; fileRef = 036D64D02865957C006E68C5 /* HomeDataSource.swift */; };
		037276AC287D228B004AE6C3 /* CompetitionDetailController.swift in Sources */ = {isa = PBXBuildFile; fileRef = 037276AB287D228B004AE6C3 /* CompetitionDetailController.swift */; };
		037276AE287D2299004AE6C3 /* CompetitionDetailDataSource.swift in Sources */ = {isa = PBXBuildFile; fileRef = 037276AD287D2299004AE6C3 /* CompetitionDetailDataSource.swift */; };
		037276B1287D2736004AE6C3 /* CompetitionDetailHeader.swift in Sources */ = {isa = PBXBuildFile; fileRef = 037276B0287D2736004AE6C3 /* CompetitionDetailHeader.swift */; };
		037276B3287D3159004AE6C3 /* CompetitionDetailSectionHeader.swift in Sources */ = {isa = PBXBuildFile; fileRef = 037276B2287D3159004AE6C3 /* CompetitionDetailSectionHeader.swift */; };
		037276B5287D6D16004AE6C3 /* SeparateCell.swift in Sources */ = {isa = PBXBuildFile; fileRef = 037276B4287D6D16004AE6C3 /* SeparateCell.swift */; };
		037276B8287D8B84004AE6C3 /* TeamDetailController.swift in Sources */ = {isa = PBXBuildFile; fileRef = 037276B7287D8B84004AE6C3 /* TeamDetailController.swift */; };
		037276BA287D8B94004AE6C3 /* TeamDetailDataSource.swift in Sources */ = {isa = PBXBuildFile; fileRef = 037276B9287D8B94004AE6C3 /* TeamDetailDataSource.swift */; };
		037DE5F92863240500DD588D /* StringExtension.swift in Sources */ = {isa = PBXBuildFile; fileRef = 037DE5F82863240500DD588D /* StringExtension.swift */; };
		0384E970287BD3E2000C4561 /* ViewControllerState.swift in Sources */ = {isa = PBXBuildFile; fileRef = 0384E96F287BD3E2000C4561 /* ViewControllerState.swift */; };
		0384E979287BD4FD000C4561 /* ImageDownloader.swift in Sources */ = {isa = PBXBuildFile; fileRef = 0384E978287BD4FD000C4561 /* ImageDownloader.swift */; };
		0384E97B287BDB8D000C4561 /* ViewControllerRouter.swift in Sources */ = {isa = PBXBuildFile; fileRef = 0384E97A287BDB8D000C4561 /* ViewControllerRouter.swift */; };
		0384E97D287BDC94000C4561 /* HomeViewModel.swift in Sources */ = {isa = PBXBuildFile; fileRef = 0384E97C287BDC94000C4561 /* HomeViewModel.swift */; };
		0384E981287BDCDA000C4561 /* ArticleDetailModel.swift in Sources */ = {isa = PBXBuildFile; fileRef = 0384E980287BDCDA000C4561 /* ArticleDetailModel.swift */; };
		0384E983287BDCF8000C4561 /* ArticleDetailDataSource.swift in Sources */ = {isa = PBXBuildFile; fileRef = 0384E982287BDCF8000C4561 /* ArticleDetailDataSource.swift */; };
		03A6AFC6287288D300E9FB01 /* ErrorOccurredCell.swift in Sources */ = {isa = PBXBuildFile; fileRef = 03A6AFC5287288D300E9FB01 /* ErrorOccurredCell.swift */; };
		03A6AFC828729A1F00E9FB01 /* UIImageExtension.swift in Sources */ = {isa = PBXBuildFile; fileRef = 03A6AFC728729A1F00E9FB01 /* UIImageExtension.swift */; };
		03A6AFCA2872A63B00E9FB01 /* DiskCache.swift in Sources */ = {isa = PBXBuildFile; fileRef = 03A6AFC92872A63B00E9FB01 /* DiskCache.swift */; };
		03ADCEB928677252007E5668 /* APITarget.swift in Sources */ = {isa = PBXBuildFile; fileRef = 03ADCEB828677252007E5668 /* APITarget.swift */; };
		03ADCEBB28677453007E5668 /* CustomOperation.swift in Sources */ = {isa = PBXBuildFile; fileRef = 03ADCEBA28677453007E5668 /* CustomOperation.swift */; };
		03BC50CE285D77EF00D5C79C /* ArticleDetailController.swift in Sources */ = {isa = PBXBuildFile; fileRef = 03BC50CD285D77EF00D5C79C /* ArticleDetailController.swift */; };
		03C6071C2874270300EF0BBF /* ConnectionErrorNotification.swift in Sources */ = {isa = PBXBuildFile; fileRef = 03C6071B2874270300EF0BBF /* ConnectionErrorNotification.swift */; };
		03CE6BF6287E82D0005CBC4B /* TeamDetailHeader.swift in Sources */ = {isa = PBXBuildFile; fileRef = 03CE6BF5287E82D0005CBC4B /* TeamDetailHeader.swift */; };
		03CE6BF8287E8730005CBC4B /* TeamDetailSectionHeader.swift in Sources */ = {isa = PBXBuildFile; fileRef = 03CE6BF7287E8730005CBC4B /* TeamDetailSectionHeader.swift */; };
		03CE6BFA287EBCA6005CBC4B /* TeamInfoModel.swift in Sources */ = {isa = PBXBuildFile; fileRef = 03CE6BF9287EBCA6005CBC4B /* TeamInfoModel.swift */; };
		03CE6BFC287EBD8B005CBC4B /* RankingModel.swift in Sources */ = {isa = PBXBuildFile; fileRef = 03CE6BFB287EBD8B005CBC4B /* RankingModel.swift */; };
		03CE6C0128815935005CBC4B /* UINavigationControllerExtension.swift in Sources */ = {isa = PBXBuildFile; fileRef = 03CE6C0028815935005CBC4B /* UINavigationControllerExtension.swift */; };
		03CE6C0328829A99005CBC4B /* SideMenuViewController.swift in Sources */ = {isa = PBXBuildFile; fileRef = 03CE6C0228829A99005CBC4B /* SideMenuViewController.swift */; };
		03DC833428753136005D5078 /* MatchDetailController.swift in Sources */ = {isa = PBXBuildFile; fileRef = 03DC833328753136005D5078 /* MatchDetailController.swift */; };
		03DC833628753AD1005D5078 /* MatchDetailDataSource.swift in Sources */ = {isa = PBXBuildFile; fileRef = 03DC833528753AD1005D5078 /* MatchDetailDataSource.swift */; };
		03DC833928754EDF005D5078 /* MatchDetailHeader.swift in Sources */ = {isa = PBXBuildFile; fileRef = 03DC833828754EDF005D5078 /* MatchDetailHeader.swift */; };
		03DC833B2876BC9D005D5078 /* MatchDetailSectionHeader.swift in Sources */ = {isa = PBXBuildFile; fileRef = 03DC833A2876BC9D005D5078 /* MatchDetailSectionHeader.swift */; };
		03DC833E2876E971005D5078 /* RankingCell.swift in Sources */ = {isa = PBXBuildFile; fileRef = 03DC833D2876E971005D5078 /* RankingCell.swift */; };
		03DC83402877D335005D5078 /* PaddingLabel.swift in Sources */ = {isa = PBXBuildFile; fileRef = 03DC833F2877D335005D5078 /* PaddingLabel.swift */; };
		03E1FFDF2861BF8000851333 /* ArticelDetailHeaderCell.swift in Sources */ = {isa = PBXBuildFile; fileRef = 03E1FFDE2861BF8000851333 /* ArticelDetailHeaderCell.swift */; };
		03E1FFE52862D9AB00851333 /* UILabelExtension.swift in Sources */ = {isa = PBXBuildFile; fileRef = 03E1FFE42862D9AB00851333 /* UILabelExtension.swift */; };
		03EB3AC1286B0A45006097C5 /* DataSourceDelegate.swift in Sources */ = {isa = PBXBuildFile; fileRef = 03EB3AC0286B0A45006097C5 /* DataSourceDelegate.swift */; };
		03EB3AC4286B1804006097C5 /* LRUCache.swift in Sources */ = {isa = PBXBuildFile; fileRef = 03EB3AC3286B1804006097C5 /* LRUCache.swift */; };
		03EB3AD3286C5E73006097C5 /* ArrayExtension.swift in Sources */ = {isa = PBXBuildFile; fileRef = 03EB3AD2286C5E73006097C5 /* ArrayExtension.swift */; };
		03ECED20284E0C2D009D9D3C /* .gitignore in Resources */ = {isa = PBXBuildFile; fileRef = 03ECED1F284E0C2D009D9D3C /* .gitignore */; };
/* End PBXBuildFile section */

/* Begin PBXContainerItemProxy section */
		032AB220284E01C600C6A83A /* PBXContainerItemProxy */ = {
			isa = PBXContainerItemProxy;
			containerPortal = 032AB201284E01C400C6A83A /* Project object */;
			proxyType = 1;
			remoteGlobalIDString = 032AB208284E01C400C6A83A;
			remoteInfo = FootballNews;
		};
		032AB22A284E01C600C6A83A /* PBXContainerItemProxy */ = {
			isa = PBXContainerItemProxy;
			containerPortal = 032AB201284E01C400C6A83A /* Project object */;
			proxyType = 1;
			remoteGlobalIDString = 032AB208284E01C400C6A83A;
			remoteInfo = FootballNews;
		};
/* End PBXContainerItemProxy section */

/* Begin PBXFileReference section */
		0305AF112850877C009398A6 /* QueryService.swift */ = {isa = PBXFileReference; lastKnownFileType = sourcecode.swift; path = QueryService.swift; sourceTree = "<group>"; };
		0305AF2828583C2E009398A6 /* ContentModel.swift */ = {isa = PBXFileReference; lastKnownFileType = sourcecode.swift; path = ContentModel.swift; sourceTree = "<group>"; };
		0305AF2A28583C59009398A6 /* TeamModel.swift */ = {isa = PBXFileReference; lastKnownFileType = sourcecode.swift; path = TeamModel.swift; sourceTree = "<group>"; };
		0305AF2C28583C71009398A6 /* MatchModel.swift */ = {isa = PBXFileReference; lastKnownFileType = sourcecode.swift; path = MatchModel.swift; sourceTree = "<group>"; };
		0305AF2E28583C8E009398A6 /* CompetitionModel.swift */ = {isa = PBXFileReference; lastKnownFileType = sourcecode.swift; path = CompetitionModel.swift; sourceTree = "<group>"; };
		0305AF3128583D7E009398A6 /* ResponseModel.swift */ = {isa = PBXFileReference; lastKnownFileType = sourcecode.swift; path = ResponseModel.swift; sourceTree = "<group>"; };
		0305AF472859DE60009398A6 /* ArticleCell.swift */ = {isa = PBXFileReference; lastKnownFileType = sourcecode.swift; path = ArticleCell.swift; sourceTree = "<group>"; };
		0305AF4B285ACBDD009398A6 /* HomeScoreBoardCell.swift */ = {isa = PBXFileReference; lastKnownFileType = sourcecode.swift; path = HomeScoreBoardCell.swift; sourceTree = "<group>"; };
		0305AF4E285AE174009398A6 /* UIImageViewExtension.swift */ = {isa = PBXFileReference; lastKnownFileType = sourcecode.swift; path = UIImageViewExtension.swift; sourceTree = "<group>"; };
		0305AF53285C30D4009398A6 /* HomeCompetitionCell.swift */ = {isa = PBXFileReference; lastKnownFileType = sourcecode.swift; path = HomeCompetitionCell.swift; sourceTree = "<group>"; };
		0305AF57285C390E009398A6 /* HomeViewController.swift */ = {isa = PBXFileReference; lastKnownFileType = sourcecode.swift; path = HomeViewController.swift; sourceTree = "<group>"; };
		0305AF5B285C646A009398A6 /* DateExtension.swift */ = {isa = PBXFileReference; lastKnownFileType = sourcecode.swift; path = DateExtension.swift; sourceTree = "<group>"; };
		032AB209284E01C400C6A83A /* FootballNews.app */ = {isa = PBXFileReference; explicitFileType = wrapper.application; includeInIndex = 0; path = FootballNews.app; sourceTree = BUILT_PRODUCTS_DIR; };
		032AB20C284E01C400C6A83A /* AppDelegate.swift */ = {isa = PBXFileReference; lastKnownFileType = sourcecode.swift; path = AppDelegate.swift; sourceTree = "<group>"; };
		032AB215284E01C600C6A83A /* Assets.xcassets */ = {isa = PBXFileReference; lastKnownFileType = folder.assetcatalog; path = Assets.xcassets; sourceTree = "<group>"; };
		032AB218284E01C600C6A83A /* Base */ = {isa = PBXFileReference; lastKnownFileType = file.storyboard; name = Base; path = Base.lproj/LaunchScreen.storyboard; sourceTree = "<group>"; };
		032AB21A284E01C600C6A83A /* Info.plist */ = {isa = PBXFileReference; lastKnownFileType = text.plist.xml; path = Info.plist; sourceTree = "<group>"; };
		032AB21F284E01C600C6A83A /* FootballNewsTests.xctest */ = {isa = PBXFileReference; explicitFileType = wrapper.cfbundle; includeInIndex = 0; path = FootballNewsTests.xctest; sourceTree = BUILT_PRODUCTS_DIR; };
		032AB223284E01C600C6A83A /* FootballNewsTests.swift */ = {isa = PBXFileReference; lastKnownFileType = sourcecode.swift; path = FootballNewsTests.swift; sourceTree = "<group>"; };
		032AB229284E01C600C6A83A /* FootballNewsUITests.xctest */ = {isa = PBXFileReference; explicitFileType = wrapper.cfbundle; includeInIndex = 0; path = FootballNewsUITests.xctest; sourceTree = BUILT_PRODUCTS_DIR; };
		032AB22D284E01C600C6A83A /* FootballNewsUITests.swift */ = {isa = PBXFileReference; lastKnownFileType = sourcecode.swift; path = FootballNewsUITests.swift; sourceTree = "<group>"; };
		032AB22F284E01C600C6A83A /* FootballNewsUITestsLaunchTests.swift */ = {isa = PBXFileReference; lastKnownFileType = sourcecode.swift; path = FootballNewsUITestsLaunchTests.swift; sourceTree = "<group>"; };
		0344A93A286D940C00B38E38 /* ArticelDetailBodyTextCell.swift */ = {isa = PBXFileReference; lastKnownFileType = sourcecode.swift; path = ArticelDetailBodyTextCell.swift; sourceTree = "<group>"; };
		0344A93C286D942400B38E38 /* ArticelDetailBodyImageCell.swift */ = {isa = PBXFileReference; lastKnownFileType = sourcecode.swift; path = ArticelDetailBodyImageCell.swift; sourceTree = "<group>"; };
		0344A93E286D953B00B38E38 /* UINavigationBarExtension.swift */ = {isa = PBXFileReference; lastKnownFileType = sourcecode.swift; path = UINavigationBarExtension.swift; sourceTree = "<group>"; };
		0344A940286EF3BF00B38E38 /* UIViewExtension.swift */ = {isa = PBXFileReference; lastKnownFileType = sourcecode.swift; path = UIViewExtension.swift; sourceTree = "<group>"; };
		036D64C7286479CD006E68C5 /* CustomTitleView.swift */ = {isa = PBXFileReference; lastKnownFileType = sourcecode.swift; path = CustomTitleView.swift; sourceTree = "<group>"; };
		036D64C9286564E2006E68C5 /* HomeScoreBoardCollectionCell.swift */ = {isa = PBXFileReference; lastKnownFileType = sourcecode.swift; path = HomeScoreBoardCollectionCell.swift; sourceTree = "<group>"; };
		036D64CB2865652F006E68C5 /* HomeCompetitionCollectionCell.swift */ = {isa = PBXFileReference; lastKnownFileType = sourcecode.swift; path = HomeCompetitionCollectionCell.swift; sourceTree = "<group>"; };
		036D64CD28656E2A006E68C5 /* LoadMoreIndicatorCell.swift */ = {isa = PBXFileReference; lastKnownFileType = sourcecode.swift; path = LoadMoreIndicatorCell.swift; sourceTree = "<group>"; };
		036D64D02865957C006E68C5 /* HomeDataSource.swift */ = {isa = PBXFileReference; lastKnownFileType = sourcecode.swift; path = HomeDataSource.swift; sourceTree = "<group>"; };
		037276AB287D228B004AE6C3 /* CompetitionDetailController.swift */ = {isa = PBXFileReference; lastKnownFileType = sourcecode.swift; path = CompetitionDetailController.swift; sourceTree = "<group>"; };
		037276AD287D2299004AE6C3 /* CompetitionDetailDataSource.swift */ = {isa = PBXFileReference; lastKnownFileType = sourcecode.swift; path = CompetitionDetailDataSource.swift; sourceTree = "<group>"; };
		037276B0287D2736004AE6C3 /* CompetitionDetailHeader.swift */ = {isa = PBXFileReference; lastKnownFileType = sourcecode.swift; path = CompetitionDetailHeader.swift; sourceTree = "<group>"; };
		037276B2287D3159004AE6C3 /* CompetitionDetailSectionHeader.swift */ = {isa = PBXFileReference; lastKnownFileType = sourcecode.swift; path = CompetitionDetailSectionHeader.swift; sourceTree = "<group>"; };
		037276B4287D6D16004AE6C3 /* SeparateCell.swift */ = {isa = PBXFileReference; lastKnownFileType = sourcecode.swift; path = SeparateCell.swift; sourceTree = "<group>"; };
		037276B7287D8B84004AE6C3 /* TeamDetailController.swift */ = {isa = PBXFileReference; lastKnownFileType = sourcecode.swift; path = TeamDetailController.swift; sourceTree = "<group>"; };
		037276B9287D8B94004AE6C3 /* TeamDetailDataSource.swift */ = {isa = PBXFileReference; lastKnownFileType = sourcecode.swift; path = TeamDetailDataSource.swift; sourceTree = "<group>"; };
		037DE5F82863240500DD588D /* StringExtension.swift */ = {isa = PBXFileReference; lastKnownFileType = sourcecode.swift; path = StringExtension.swift; sourceTree = "<group>"; };
		0384E96F287BD3E2000C4561 /* ViewControllerState.swift */ = {isa = PBXFileReference; lastKnownFileType = sourcecode.swift; path = ViewControllerState.swift; sourceTree = "<group>"; };
		0384E978287BD4FD000C4561 /* ImageDownloader.swift */ = {isa = PBXFileReference; lastKnownFileType = sourcecode.swift; path = ImageDownloader.swift; sourceTree = "<group>"; };
		0384E97A287BDB8D000C4561 /* ViewControllerRouter.swift */ = {isa = PBXFileReference; lastKnownFileType = sourcecode.swift; path = ViewControllerRouter.swift; sourceTree = "<group>"; };
		0384E97C287BDC94000C4561 /* HomeViewModel.swift */ = {isa = PBXFileReference; lastKnownFileType = sourcecode.swift; path = HomeViewModel.swift; sourceTree = "<group>"; };
		0384E980287BDCDA000C4561 /* ArticleDetailModel.swift */ = {isa = PBXFileReference; lastKnownFileType = sourcecode.swift; path = ArticleDetailModel.swift; sourceTree = "<group>"; };
		0384E982287BDCF8000C4561 /* ArticleDetailDataSource.swift */ = {isa = PBXFileReference; lastKnownFileType = sourcecode.swift; path = ArticleDetailDataSource.swift; sourceTree = "<group>"; };
		03A6AFC5287288D300E9FB01 /* ErrorOccurredCell.swift */ = {isa = PBXFileReference; lastKnownFileType = sourcecode.swift; path = ErrorOccurredCell.swift; sourceTree = "<group>"; };
		03A6AFC728729A1F00E9FB01 /* UIImageExtension.swift */ = {isa = PBXFileReference; lastKnownFileType = sourcecode.swift; path = UIImageExtension.swift; sourceTree = "<group>"; };
		03A6AFC92872A63B00E9FB01 /* DiskCache.swift */ = {isa = PBXFileReference; lastKnownFileType = sourcecode.swift; path = DiskCache.swift; sourceTree = "<group>"; };
		03ADCEB828677252007E5668 /* APITarget.swift */ = {isa = PBXFileReference; lastKnownFileType = sourcecode.swift; path = APITarget.swift; sourceTree = "<group>"; };
		03ADCEBA28677453007E5668 /* CustomOperation.swift */ = {isa = PBXFileReference; lastKnownFileType = sourcecode.swift; path = CustomOperation.swift; sourceTree = "<group>"; };
		03BC50CD285D77EF00D5C79C /* ArticleDetailController.swift */ = {isa = PBXFileReference; lastKnownFileType = sourcecode.swift; path = ArticleDetailController.swift; sourceTree = "<group>"; };
		03C6071B2874270300EF0BBF /* ConnectionErrorNotification.swift */ = {isa = PBXFileReference; lastKnownFileType = sourcecode.swift; path = ConnectionErrorNotification.swift; sourceTree = "<group>"; };
		03CE6BF5287E82D0005CBC4B /* TeamDetailHeader.swift */ = {isa = PBXFileReference; lastKnownFileType = sourcecode.swift; path = TeamDetailHeader.swift; sourceTree = "<group>"; };
		03CE6BF7287E8730005CBC4B /* TeamDetailSectionHeader.swift */ = {isa = PBXFileReference; lastKnownFileType = sourcecode.swift; path = TeamDetailSectionHeader.swift; sourceTree = "<group>"; };
		03CE6BF9287EBCA6005CBC4B /* TeamInfoModel.swift */ = {isa = PBXFileReference; lastKnownFileType = sourcecode.swift; path = TeamInfoModel.swift; sourceTree = "<group>"; };
		03CE6BFB287EBD8B005CBC4B /* RankingModel.swift */ = {isa = PBXFileReference; lastKnownFileType = sourcecode.swift; path = RankingModel.swift; sourceTree = "<group>"; };
		03CE6C0028815935005CBC4B /* UINavigationControllerExtension.swift */ = {isa = PBXFileReference; lastKnownFileType = sourcecode.swift; path = UINavigationControllerExtension.swift; sourceTree = "<group>"; };
		03CE6C0228829A99005CBC4B /* SideMenuViewController.swift */ = {isa = PBXFileReference; lastKnownFileType = sourcecode.swift; path = SideMenuViewController.swift; sourceTree = "<group>"; };
		03DC833328753136005D5078 /* MatchDetailController.swift */ = {isa = PBXFileReference; lastKnownFileType = sourcecode.swift; path = MatchDetailController.swift; sourceTree = "<group>"; };
		03DC833528753AD1005D5078 /* MatchDetailDataSource.swift */ = {isa = PBXFileReference; lastKnownFileType = sourcecode.swift; path = MatchDetailDataSource.swift; sourceTree = "<group>"; };
		03DC833828754EDF005D5078 /* MatchDetailHeader.swift */ = {isa = PBXFileReference; lastKnownFileType = sourcecode.swift; path = MatchDetailHeader.swift; sourceTree = "<group>"; };
		03DC833A2876BC9D005D5078 /* MatchDetailSectionHeader.swift */ = {isa = PBXFileReference; lastKnownFileType = sourcecode.swift; path = MatchDetailSectionHeader.swift; sourceTree = "<group>"; };
		03DC833D2876E971005D5078 /* RankingCell.swift */ = {isa = PBXFileReference; lastKnownFileType = sourcecode.swift; path = RankingCell.swift; sourceTree = "<group>"; };
		03DC833F2877D335005D5078 /* PaddingLabel.swift */ = {isa = PBXFileReference; lastKnownFileType = sourcecode.swift; path = PaddingLabel.swift; sourceTree = "<group>"; };
		03E1FFDE2861BF8000851333 /* ArticelDetailHeaderCell.swift */ = {isa = PBXFileReference; lastKnownFileType = sourcecode.swift; path = ArticelDetailHeaderCell.swift; sourceTree = "<group>"; };
		03E1FFE42862D9AB00851333 /* UILabelExtension.swift */ = {isa = PBXFileReference; lastKnownFileType = sourcecode.swift; path = UILabelExtension.swift; sourceTree = "<group>"; };
		03EB3AC0286B0A45006097C5 /* DataSourceDelegate.swift */ = {isa = PBXFileReference; lastKnownFileType = sourcecode.swift; path = DataSourceDelegate.swift; sourceTree = "<group>"; };
		03EB3AC3286B1804006097C5 /* LRUCache.swift */ = {isa = PBXFileReference; lastKnownFileType = sourcecode.swift; path = LRUCache.swift; sourceTree = "<group>"; };
		03EB3AD2286C5E73006097C5 /* ArrayExtension.swift */ = {isa = PBXFileReference; lastKnownFileType = sourcecode.swift; path = ArrayExtension.swift; sourceTree = "<group>"; };
		03ECED1F284E0C2D009D9D3C /* .gitignore */ = {isa = PBXFileReference; lastKnownFileType = text; path = .gitignore; sourceTree = "<group>"; };
/* End PBXFileReference section */

/* Begin PBXFrameworksBuildPhase section */
		032AB206284E01C400C6A83A /* Frameworks */ = {
			isa = PBXFrameworksBuildPhase;
			buildActionMask = 2147483647;
			files = (
			);
			runOnlyForDeploymentPostprocessing = 0;
		};
		032AB21C284E01C600C6A83A /* Frameworks */ = {
			isa = PBXFrameworksBuildPhase;
			buildActionMask = 2147483647;
			files = (
			);
			runOnlyForDeploymentPostprocessing = 0;
		};
		032AB226284E01C600C6A83A /* Frameworks */ = {
			isa = PBXFrameworksBuildPhase;
			buildActionMask = 2147483647;
			files = (
			);
			runOnlyForDeploymentPostprocessing = 0;
		};
/* End PBXFrameworksBuildPhase section */

/* Begin PBXGroup section */
		0305AF3B28597C74009398A6 /* Model */ = {
			isa = PBXGroup;
			children = (
				0384E985287C3CB7000C4561 /* QueryDataModel */,
				0384E97C287BDC94000C4561 /* HomeViewModel.swift */,
				0384E980287BDCDA000C4561 /* ArticleDetailModel.swift */,
				03CE6BFB287EBD8B005CBC4B /* RankingModel.swift */,
				03CE6BF9287EBCA6005CBC4B /* TeamInfoModel.swift */,
			);
			path = Model;
			sourceTree = "<group>";
		};
		0305AF3C28597C7A009398A6 /* DataHandler */ = {
			isa = PBXGroup;
			children = (
				03A6AFC92872A63B00E9FB01 /* DiskCache.swift */,
				0305AF3E28597CA3009398A6 /* ImageHandler */,
			);
			path = DataHandler;
			sourceTree = "<group>";
		};
		0305AF3E28597CA3009398A6 /* ImageHandler */ = {
			isa = PBXGroup;
			children = (
				03EB3AC3286B1804006097C5 /* LRUCache.swift */,
				0384E978287BD4FD000C4561 /* ImageDownloader.swift */,
			);
			path = ImageHandler;
			sourceTree = "<group>";
		};
		0305AF3F28597CBB009398A6 /* Network */ = {
			isa = PBXGroup;
			children = (
				0305AF112850877C009398A6 /* QueryService.swift */,
				03ADCEB828677252007E5668 /* APITarget.swift */,
				03ADCEBA28677453007E5668 /* CustomOperation.swift */,
			);
			path = Network;
			sourceTree = "<group>";
		};
		0305AF4028597CDA009398A6 /* View */ = {
			isa = PBXGroup;
			children = (
				03DC833F2877D335005D5078 /* PaddingLabel.swift */,
				03DC833C2876D4C4005D5078 /* Notification */,
				036D64C6286479BD006E68C5 /* NavigationBar */,
				0305AF462859DE33009398A6 /* Cell */,
			);
			path = View;
			sourceTree = "<group>";
		};
		0305AF462859DE33009398A6 /* Cell */ = {
			isa = PBXGroup;
			children = (
				036D64CD28656E2A006E68C5 /* LoadMoreIndicatorCell.swift */,
				03A6AFC5287288D300E9FB01 /* ErrorOccurredCell.swift */,
				037276B4287D6D16004AE6C3 /* SeparateCell.swift */,
				03DC833D2876E971005D5078 /* RankingCell.swift */,
				0305AF472859DE60009398A6 /* ArticleCell.swift */,
				037276BB287D8C64004AE6C3 /* TeamDetail */,
				037276AF287D2716004AE6C3 /* CompetitionDetail */,
				03DC833728754E70005D5078 /* MatchDetail */,
				03E1FFD928601E1300851333 /* ArticelDetail */,
				03BC50CC285D779000D5C79C /* Home */,
			);
			path = Cell;
			sourceTree = "<group>";
		};
		0305AF50285AE337009398A6 /* Extension */ = {
			isa = PBXGroup;
			children = (
				03CE6C0028815935005CBC4B /* UINavigationControllerExtension.swift */,
				0344A93E286D953B00B38E38 /* UINavigationBarExtension.swift */,
				0305AF4E285AE174009398A6 /* UIImageViewExtension.swift */,
				0305AF5B285C646A009398A6 /* DateExtension.swift */,
				03E1FFE42862D9AB00851333 /* UILabelExtension.swift */,
				037DE5F82863240500DD588D /* StringExtension.swift */,
				03EB3AD2286C5E73006097C5 /* ArrayExtension.swift */,
				0344A940286EF3BF00B38E38 /* UIViewExtension.swift */,
				03A6AFC728729A1F00E9FB01 /* UIImageExtension.swift */,
			);
			path = Extension;
			sourceTree = "<group>";
		};
		032AB200284E01C400C6A83A = {
			isa = PBXGroup;
			children = (
				032AB20B284E01C400C6A83A /* FootballNews */,
				032AB222284E01C600C6A83A /* FootballNewsTests */,
				032AB22C284E01C600C6A83A /* FootballNewsUITests */,
				03ECED21284E0C42009D9D3C /* Git */,
				032AB20A284E01C400C6A83A /* Products */,
			);
			sourceTree = "<group>";
		};
		032AB20A284E01C400C6A83A /* Products */ = {
			isa = PBXGroup;
			children = (
				032AB209284E01C400C6A83A /* FootballNews.app */,
				032AB21F284E01C600C6A83A /* FootballNewsTests.xctest */,
				032AB229284E01C600C6A83A /* FootballNewsUITests.xctest */,
			);
			name = Products;
			sourceTree = "<group>";
		};
		032AB20B284E01C400C6A83A /* FootballNews */ = {
			isa = PBXGroup;
			children = (
				032AB20C284E01C400C6A83A /* AppDelegate.swift */,
				0384E96E287BD3C9000C4561 /* ViewController */,
				0305AF4028597CDA009398A6 /* View */,
				0305AF3B28597C74009398A6 /* Model */,
				0384E977287BD4E7000C4561 /* Repositories */,
				03ECED1D284E0B65009D9D3C /* Resources */,
			);
			path = FootballNews;
			sourceTree = "<group>";
		};
		032AB222284E01C600C6A83A /* FootballNewsTests */ = {
			isa = PBXGroup;
			children = (
				032AB223284E01C600C6A83A /* FootballNewsTests.swift */,
			);
			path = FootballNewsTests;
			sourceTree = "<group>";
		};
		032AB22C284E01C600C6A83A /* FootballNewsUITests */ = {
			isa = PBXGroup;
			children = (
				032AB22D284E01C600C6A83A /* FootballNewsUITests.swift */,
				032AB22F284E01C600C6A83A /* FootballNewsUITestsLaunchTests.swift */,
			);
			path = FootballNewsUITests;
			sourceTree = "<group>";
		};
		036D64C6286479BD006E68C5 /* NavigationBar */ = {
			isa = PBXGroup;
			children = (
				036D64C7286479CD006E68C5 /* CustomTitleView.swift */,
			);
			path = NavigationBar;
			sourceTree = "<group>";
		};
		037276AA287D226D004AE6C3 /* CompetitionDetail */ = {
			isa = PBXGroup;
			children = (
				037276AB287D228B004AE6C3 /* CompetitionDetailController.swift */,
				037276AD287D2299004AE6C3 /* CompetitionDetailDataSource.swift */,
			);
			path = CompetitionDetail;
			sourceTree = "<group>";
		};
		037276AF287D2716004AE6C3 /* CompetitionDetail */ = {
			isa = PBXGroup;
			children = (
				037276B0287D2736004AE6C3 /* CompetitionDetailHeader.swift */,
				037276B2287D3159004AE6C3 /* CompetitionDetailSectionHeader.swift */,
			);
			path = CompetitionDetail;
			sourceTree = "<group>";
		};
		037276B6287D8B62004AE6C3 /* TeamDetail */ = {
			isa = PBXGroup;
			children = (
				037276B7287D8B84004AE6C3 /* TeamDetailController.swift */,
				037276B9287D8B94004AE6C3 /* TeamDetailDataSource.swift */,
			);
			path = TeamDetail;
			sourceTree = "<group>";
		};
		037276BB287D8C64004AE6C3 /* TeamDetail */ = {
			isa = PBXGroup;
			children = (
				03CE6BF5287E82D0005CBC4B /* TeamDetailHeader.swift */,
				03CE6BF7287E8730005CBC4B /* TeamDetailSectionHeader.swift */,
			);
			path = TeamDetail;
			sourceTree = "<group>";
		};
		0384E96E287BD3C9000C4561 /* ViewController */ = {
			isa = PBXGroup;
			children = (
				0384E97A287BDB8D000C4561 /* ViewControllerRouter.swift */,
				0384E96F287BD3E2000C4561 /* ViewControllerState.swift */,
				03EB3ABF286B0A2C006097C5 /* Delegation */,
				0384E971287BD3FB000C4561 /* Home */,
				0384E973287BD421000C4561 /* ArticelDetail */,
				037276AA287D226D004AE6C3 /* CompetitionDetail */,
				0384E972287BD40D000C4561 /* MatchDetail */,
				037276B6287D8B62004AE6C3 /* TeamDetail */,
			);
			path = ViewController;
			sourceTree = "<group>";
		};
		0384E971287BD3FB000C4561 /* Home */ = {
			isa = PBXGroup;
			children = (
				03CE6C0428829AE6005CBC4B /* SideMenuViewController */,
				0305AF57285C390E009398A6 /* HomeViewController.swift */,
				036D64D02865957C006E68C5 /* HomeDataSource.swift */,
			);
			path = Home;
			sourceTree = "<group>";
		};
		0384E972287BD40D000C4561 /* MatchDetail */ = {
			isa = PBXGroup;
			children = (
				03DC833328753136005D5078 /* MatchDetailController.swift */,
				03DC833528753AD1005D5078 /* MatchDetailDataSource.swift */,
			);
			path = MatchDetail;
			sourceTree = "<group>";
		};
		0384E973287BD421000C4561 /* ArticelDetail */ = {
			isa = PBXGroup;
			children = (
				03BC50CD285D77EF00D5C79C /* ArticleDetailController.swift */,
				0384E982287BDCF8000C4561 /* ArticleDetailDataSource.swift */,
			);
			path = ArticelDetail;
			sourceTree = "<group>";
		};
		0384E977287BD4E7000C4561 /* Repositories */ = {
			isa = PBXGroup;
			children = (
				0305AF50285AE337009398A6 /* Extension */,
				0305AF3C28597C7A009398A6 /* DataHandler */,
				0305AF3F28597CBB009398A6 /* Network */,
			);
			path = Repositories;
			sourceTree = "<group>";
		};
		0384E985287C3CB7000C4561 /* QueryDataModel */ = {
			isa = PBXGroup;
			children = (
				0305AF3128583D7E009398A6 /* ResponseModel.swift */,
				0305AF2828583C2E009398A6 /* ContentModel.swift */,
				0305AF2A28583C59009398A6 /* TeamModel.swift */,
				0305AF2E28583C8E009398A6 /* CompetitionModel.swift */,
				0305AF2C28583C71009398A6 /* MatchModel.swift */,
			);
			path = QueryDataModel;
			sourceTree = "<group>";
		};
		03BC50CC285D779000D5C79C /* Home */ = {
			isa = PBXGroup;
			children = (
				0305AF4B285ACBDD009398A6 /* HomeScoreBoardCell.swift */,
				0305AF53285C30D4009398A6 /* HomeCompetitionCell.swift */,
				036D64C9286564E2006E68C5 /* HomeScoreBoardCollectionCell.swift */,
				036D64CB2865652F006E68C5 /* HomeCompetitionCollectionCell.swift */,
			);
			path = Home;
			sourceTree = "<group>";
		};
		03CE6C0428829AE6005CBC4B /* SideMenuViewController */ = {
			isa = PBXGroup;
			children = (
				03CE6C0228829A99005CBC4B /* SideMenuViewController.swift */,
			);
			path = SideMenuViewController;
			sourceTree = "<group>";
		};
		03DC833728754E70005D5078 /* MatchDetail */ = {
			isa = PBXGroup;
			children = (
				03DC833828754EDF005D5078 /* MatchDetailHeader.swift */,
				03DC833A2876BC9D005D5078 /* MatchDetailSectionHeader.swift */,
			);
			path = MatchDetail;
			sourceTree = "<group>";
		};
		03DC833C2876D4C4005D5078 /* Notification */ = {
			isa = PBXGroup;
			children = (
				03C6071B2874270300EF0BBF /* ConnectionErrorNotification.swift */,
			);
			path = Notification;
			sourceTree = "<group>";
		};
		03E1FFD928601E1300851333 /* ArticelDetail */ = {
			isa = PBXGroup;
			children = (
				03E1FFDE2861BF8000851333 /* ArticelDetailHeaderCell.swift */,
				0344A93A286D940C00B38E38 /* ArticelDetailBodyTextCell.swift */,
				0344A93C286D942400B38E38 /* ArticelDetailBodyImageCell.swift */,
			);
			path = ArticelDetail;
			sourceTree = "<group>";
		};
		03EB3ABF286B0A2C006097C5 /* Delegation */ = {
			isa = PBXGroup;
			children = (
				03EB3AC0286B0A45006097C5 /* DataSourceDelegate.swift */,
			);
			path = Delegation;
			sourceTree = "<group>";
		};
		03ECED1D284E0B65009D9D3C /* Resources */ = {
			isa = PBXGroup;
			children = (
				032AB215284E01C600C6A83A /* Assets.xcassets */,
				032AB217284E01C600C6A83A /* LaunchScreen.storyboard */,
				032AB21A284E01C600C6A83A /* Info.plist */,
			);
			path = Resources;
			sourceTree = "<group>";
		};
		03ECED21284E0C42009D9D3C /* Git */ = {
			isa = PBXGroup;
			children = (
				03ECED1F284E0C2D009D9D3C /* .gitignore */,
			);
			name = Git;
			sourceTree = "<group>";
		};
/* End PBXGroup section */

/* Begin PBXNativeTarget section */
		032AB208284E01C400C6A83A /* FootballNews */ = {
			isa = PBXNativeTarget;
			buildConfigurationList = 032AB233284E01C600C6A83A /* Build configuration list for PBXNativeTarget "FootballNews" */;
			buildPhases = (
				032AB205284E01C400C6A83A /* Sources */,
				032AB206284E01C400C6A83A /* Frameworks */,
				032AB207284E01C400C6A83A /* Resources */,
			);
			buildRules = (
			);
			dependencies = (
			);
			name = FootballNews;
			productName = FootballNews;
			productReference = 032AB209284E01C400C6A83A /* FootballNews.app */;
			productType = "com.apple.product-type.application";
		};
		032AB21E284E01C600C6A83A /* FootballNewsTests */ = {
			isa = PBXNativeTarget;
			buildConfigurationList = 032AB236284E01C600C6A83A /* Build configuration list for PBXNativeTarget "FootballNewsTests" */;
			buildPhases = (
				032AB21B284E01C600C6A83A /* Sources */,
				032AB21C284E01C600C6A83A /* Frameworks */,
				032AB21D284E01C600C6A83A /* Resources */,
			);
			buildRules = (
			);
			dependencies = (
				032AB221284E01C600C6A83A /* PBXTargetDependency */,
			);
			name = FootballNewsTests;
			productName = FootballNewsTests;
			productReference = 032AB21F284E01C600C6A83A /* FootballNewsTests.xctest */;
			productType = "com.apple.product-type.bundle.unit-test";
		};
		032AB228284E01C600C6A83A /* FootballNewsUITests */ = {
			isa = PBXNativeTarget;
			buildConfigurationList = 032AB239284E01C600C6A83A /* Build configuration list for PBXNativeTarget "FootballNewsUITests" */;
			buildPhases = (
				032AB225284E01C600C6A83A /* Sources */,
				032AB226284E01C600C6A83A /* Frameworks */,
				032AB227284E01C600C6A83A /* Resources */,
			);
			buildRules = (
			);
			dependencies = (
				032AB22B284E01C600C6A83A /* PBXTargetDependency */,
			);
			name = FootballNewsUITests;
			productName = FootballNewsUITests;
			productReference = 032AB229284E01C600C6A83A /* FootballNewsUITests.xctest */;
			productType = "com.apple.product-type.bundle.ui-testing";
		};
/* End PBXNativeTarget section */

/* Begin PBXProject section */
		032AB201284E01C400C6A83A /* Project object */ = {
			isa = PBXProject;
			attributes = {
				BuildIndependentTargetsInParallel = 1;
				LastSwiftUpdateCheck = 1340;
				LastUpgradeCheck = 1340;
				TargetAttributes = {
					032AB208284E01C400C6A83A = {
						CreatedOnToolsVersion = 13.4;
					};
					032AB21E284E01C600C6A83A = {
						CreatedOnToolsVersion = 13.4;
						TestTargetID = 032AB208284E01C400C6A83A;
					};
					032AB228284E01C600C6A83A = {
						CreatedOnToolsVersion = 13.4;
						TestTargetID = 032AB208284E01C400C6A83A;
					};
				};
			};
			buildConfigurationList = 032AB204284E01C400C6A83A /* Build configuration list for PBXProject "FootballNews" */;
			compatibilityVersion = "Xcode 13.0";
			developmentRegion = en;
			hasScannedForEncodings = 0;
			knownRegions = (
				en,
				Base,
			);
			mainGroup = 032AB200284E01C400C6A83A;
			productRefGroup = 032AB20A284E01C400C6A83A /* Products */;
			projectDirPath = "";
			projectRoot = "";
			targets = (
				032AB208284E01C400C6A83A /* FootballNews */,
				032AB21E284E01C600C6A83A /* FootballNewsTests */,
				032AB228284E01C600C6A83A /* FootballNewsUITests */,
			);
		};
/* End PBXProject section */

/* Begin PBXResourcesBuildPhase section */
		032AB207284E01C400C6A83A /* Resources */ = {
			isa = PBXResourcesBuildPhase;
			buildActionMask = 2147483647;
			files = (
				032AB219284E01C600C6A83A /* LaunchScreen.storyboard in Resources */,
				03ECED20284E0C2D009D9D3C /* .gitignore in Resources */,
				032AB216284E01C600C6A83A /* Assets.xcassets in Resources */,
			);
			runOnlyForDeploymentPostprocessing = 0;
		};
		032AB21D284E01C600C6A83A /* Resources */ = {
			isa = PBXResourcesBuildPhase;
			buildActionMask = 2147483647;
			files = (
			);
			runOnlyForDeploymentPostprocessing = 0;
		};
		032AB227284E01C600C6A83A /* Resources */ = {
			isa = PBXResourcesBuildPhase;
			buildActionMask = 2147483647;
			files = (
			);
			runOnlyForDeploymentPostprocessing = 0;
		};
/* End PBXResourcesBuildPhase section */

/* Begin PBXSourcesBuildPhase section */
		032AB205284E01C400C6A83A /* Sources */ = {
			isa = PBXSourcesBuildPhase;
			buildActionMask = 2147483647;
			files = (
				03E1FFDF2861BF8000851333 /* ArticelDetailHeaderCell.swift in Sources */,
				0305AF4C285ACBDD009398A6 /* HomeScoreBoardCell.swift in Sources */,
				0305AF5C285C646A009398A6 /* DateExtension.swift in Sources */,
				03E1FFE52862D9AB00851333 /* UILabelExtension.swift in Sources */,
				0344A93B286D940C00B38E38 /* ArticelDetailBodyTextCell.swift in Sources */,
				0384E97D287BDC94000C4561 /* HomeViewModel.swift in Sources */,
				03CE6BF8287E8730005CBC4B /* TeamDetailSectionHeader.swift in Sources */,
				037276B5287D6D16004AE6C3 /* SeparateCell.swift in Sources */,
				0305AF2D28583C71009398A6 /* MatchModel.swift in Sources */,
				03A6AFC6287288D300E9FB01 /* ErrorOccurredCell.swift in Sources */,
				036D64CE28656E2A006E68C5 /* LoadMoreIndicatorCell.swift in Sources */,
				036D64C8286479CD006E68C5 /* CustomTitleView.swift in Sources */,
				037276BA287D8B94004AE6C3 /* TeamDetailDataSource.swift in Sources */,
				0344A941286EF3BF00B38E38 /* UIViewExtension.swift in Sources */,
				0384E981287BDCDA000C4561 /* ArticleDetailModel.swift in Sources */,
				03A6AFCA2872A63B00E9FB01 /* DiskCache.swift in Sources */,
				0384E97B287BDB8D000C4561 /* ViewControllerRouter.swift in Sources */,
				03EB3AC4286B1804006097C5 /* LRUCache.swift in Sources */,
				0384E970287BD3E2000C4561 /* ViewControllerState.swift in Sources */,
				0344A93F286D953B00B38E38 /* UINavigationBarExtension.swift in Sources */,
				0305AF58285C390E009398A6 /* HomeViewController.swift in Sources */,
				03CE6C0128815935005CBC4B /* UINavigationControllerExtension.swift in Sources */,
				0384E979287BD4FD000C4561 /* ImageDownloader.swift in Sources */,
				03EB3AD3286C5E73006097C5 /* ArrayExtension.swift in Sources */,
				037276B1287D2736004AE6C3 /* CompetitionDetailHeader.swift in Sources */,
				0344A93D286D942400B38E38 /* ArticelDetailBodyImageCell.swift in Sources */,
				03DC833628753AD1005D5078 /* MatchDetailDataSource.swift in Sources */,
				0305AF2928583C2E009398A6 /* ContentModel.swift in Sources */,
				03CE6C0328829A99005CBC4B /* SideMenuViewController.swift in Sources */,
				03ADCEBB28677453007E5668 /* CustomOperation.swift in Sources */,
				036D64CC2865652F006E68C5 /* HomeCompetitionCollectionCell.swift in Sources */,
				03DC833928754EDF005D5078 /* MatchDetailHeader.swift in Sources */,
				03CE6BFA287EBCA6005CBC4B /* TeamInfoModel.swift in Sources */,
				0305AF2B28583C59009398A6 /* TeamModel.swift in Sources */,
				0305AF54285C30D4009398A6 /* HomeCompetitionCell.swift in Sources */,
				03A6AFC828729A1F00E9FB01 /* UIImageExtension.swift in Sources */,
				037276AE287D2299004AE6C3 /* CompetitionDetailDataSource.swift in Sources */,
				036D64D12865957C006E68C5 /* HomeDataSource.swift in Sources */,
				0305AF4F285AE174009398A6 /* UIImageViewExtension.swift in Sources */,
				03EB3AC1286B0A45006097C5 /* DataSourceDelegate.swift in Sources */,
				037276AC287D228B004AE6C3 /* CompetitionDetailController.swift in Sources */,
				0305AF482859DE60009398A6 /* ArticleCell.swift in Sources */,
				0305AF122850877C009398A6 /* QueryService.swift in Sources */,
				03DC83402877D335005D5078 /* PaddingLabel.swift in Sources */,
				032AB20D284E01C400C6A83A /* AppDelegate.swift in Sources */,
				03BC50CE285D77EF00D5C79C /* ArticleDetailController.swift in Sources */,
				0384E983287BDCF8000C4561 /* ArticleDetailDataSource.swift in Sources */,
				03CE6BFC287EBD8B005CBC4B /* RankingModel.swift in Sources */,
				03CE6BF6287E82D0005CBC4B /* TeamDetailHeader.swift in Sources */,
				03DC833428753136005D5078 /* MatchDetailController.swift in Sources */,
				03DC833B2876BC9D005D5078 /* MatchDetailSectionHeader.swift in Sources */,
				0305AF3228583D7E009398A6 /* ResponseModel.swift in Sources */,
				0305AF2F28583C8E009398A6 /* CompetitionModel.swift in Sources */,
				03ADCEB928677252007E5668 /* APITarget.swift in Sources */,
				037DE5F92863240500DD588D /* StringExtension.swift in Sources */,
				03DC833E2876E971005D5078 /* RankingCell.swift in Sources */,
				036D64CA286564E2006E68C5 /* HomeScoreBoardCollectionCell.swift in Sources */,
				037276B8287D8B84004AE6C3 /* TeamDetailController.swift in Sources */,
				03C6071C2874270300EF0BBF /* ConnectionErrorNotification.swift in Sources */,
				037276B3287D3159004AE6C3 /* CompetitionDetailSectionHeader.swift in Sources */,
			);
			runOnlyForDeploymentPostprocessing = 0;
		};
		032AB21B284E01C600C6A83A /* Sources */ = {
			isa = PBXSourcesBuildPhase;
			buildActionMask = 2147483647;
			files = (
				032AB224284E01C600C6A83A /* FootballNewsTests.swift in Sources */,
			);
			runOnlyForDeploymentPostprocessing = 0;
		};
		032AB225284E01C600C6A83A /* Sources */ = {
			isa = PBXSourcesBuildPhase;
			buildActionMask = 2147483647;
			files = (
				032AB230284E01C600C6A83A /* FootballNewsUITestsLaunchTests.swift in Sources */,
				032AB22E284E01C600C6A83A /* FootballNewsUITests.swift in Sources */,
			);
			runOnlyForDeploymentPostprocessing = 0;
		};
/* End PBXSourcesBuildPhase section */

/* Begin PBXTargetDependency section */
		032AB221284E01C600C6A83A /* PBXTargetDependency */ = {
			isa = PBXTargetDependency;
			target = 032AB208284E01C400C6A83A /* FootballNews */;
			targetProxy = 032AB220284E01C600C6A83A /* PBXContainerItemProxy */;
		};
		032AB22B284E01C600C6A83A /* PBXTargetDependency */ = {
			isa = PBXTargetDependency;
			target = 032AB208284E01C400C6A83A /* FootballNews */;
			targetProxy = 032AB22A284E01C600C6A83A /* PBXContainerItemProxy */;
		};
/* End PBXTargetDependency section */

/* Begin PBXVariantGroup section */
		032AB217284E01C600C6A83A /* LaunchScreen.storyboard */ = {
			isa = PBXVariantGroup;
			children = (
				032AB218284E01C600C6A83A /* Base */,
			);
			name = LaunchScreen.storyboard;
			sourceTree = "<group>";
		};
/* End PBXVariantGroup section */

/* Begin XCBuildConfiguration section */
		032AB231284E01C600C6A83A /* Debug */ = {
			isa = XCBuildConfiguration;
			buildSettings = {
				ALWAYS_SEARCH_USER_PATHS = NO;
				CLANG_ANALYZER_NONNULL = YES;
				CLANG_ANALYZER_NUMBER_OBJECT_CONVERSION = YES_AGGRESSIVE;
				CLANG_CXX_LANGUAGE_STANDARD = "gnu++17";
				CLANG_ENABLE_MODULES = YES;
				CLANG_ENABLE_OBJC_ARC = YES;
				CLANG_ENABLE_OBJC_WEAK = YES;
				CLANG_WARN_BLOCK_CAPTURE_AUTORELEASING = YES;
				CLANG_WARN_BOOL_CONVERSION = YES;
				CLANG_WARN_COMMA = YES;
				CLANG_WARN_CONSTANT_CONVERSION = YES;
				CLANG_WARN_DEPRECATED_OBJC_IMPLEMENTATIONS = YES;
				CLANG_WARN_DIRECT_OBJC_ISA_USAGE = YES_ERROR;
				CLANG_WARN_DOCUMENTATION_COMMENTS = YES;
				CLANG_WARN_EMPTY_BODY = YES;
				CLANG_WARN_ENUM_CONVERSION = YES;
				CLANG_WARN_INFINITE_RECURSION = YES;
				CLANG_WARN_INT_CONVERSION = YES;
				CLANG_WARN_NON_LITERAL_NULL_CONVERSION = YES;
				CLANG_WARN_OBJC_IMPLICIT_RETAIN_SELF = YES;
				CLANG_WARN_OBJC_LITERAL_CONVERSION = YES;
				CLANG_WARN_OBJC_ROOT_CLASS = YES_ERROR;
				CLANG_WARN_QUOTED_INCLUDE_IN_FRAMEWORK_HEADER = YES;
				CLANG_WARN_RANGE_LOOP_ANALYSIS = YES;
				CLANG_WARN_STRICT_PROTOTYPES = YES;
				CLANG_WARN_SUSPICIOUS_MOVE = YES;
				CLANG_WARN_UNGUARDED_AVAILABILITY = YES_AGGRESSIVE;
				CLANG_WARN_UNREACHABLE_CODE = YES;
				CLANG_WARN__DUPLICATE_METHOD_MATCH = YES;
				COPY_PHASE_STRIP = NO;
				DEBUG_INFORMATION_FORMAT = dwarf;
				ENABLE_STRICT_OBJC_MSGSEND = YES;
				ENABLE_TESTABILITY = YES;
				GCC_C_LANGUAGE_STANDARD = gnu11;
				GCC_DYNAMIC_NO_PIC = NO;
				GCC_NO_COMMON_BLOCKS = YES;
				GCC_OPTIMIZATION_LEVEL = 0;
				GCC_PREPROCESSOR_DEFINITIONS = (
					"DEBUG=1",
					"$(inherited)",
				);
				GCC_WARN_64_TO_32_BIT_CONVERSION = YES;
				GCC_WARN_ABOUT_RETURN_TYPE = YES_ERROR;
				GCC_WARN_UNDECLARED_SELECTOR = YES;
				GCC_WARN_UNINITIALIZED_AUTOS = YES_AGGRESSIVE;
				GCC_WARN_UNUSED_FUNCTION = YES;
				GCC_WARN_UNUSED_VARIABLE = YES;
				IPHONEOS_DEPLOYMENT_TARGET = 11.0;
				MTL_ENABLE_DEBUG_INFO = INCLUDE_SOURCE;
				MTL_FAST_MATH = YES;
				ONLY_ACTIVE_ARCH = YES;
				SDKROOT = iphoneos;
				SWIFT_ACTIVE_COMPILATION_CONDITIONS = DEBUG;
				SWIFT_OPTIMIZATION_LEVEL = "-Onone";
			};
			name = Debug;
		};
		032AB232284E01C600C6A83A /* Release */ = {
			isa = XCBuildConfiguration;
			buildSettings = {
				ALWAYS_SEARCH_USER_PATHS = NO;
				CLANG_ANALYZER_NONNULL = YES;
				CLANG_ANALYZER_NUMBER_OBJECT_CONVERSION = YES_AGGRESSIVE;
				CLANG_CXX_LANGUAGE_STANDARD = "gnu++17";
				CLANG_ENABLE_MODULES = YES;
				CLANG_ENABLE_OBJC_ARC = YES;
				CLANG_ENABLE_OBJC_WEAK = YES;
				CLANG_WARN_BLOCK_CAPTURE_AUTORELEASING = YES;
				CLANG_WARN_BOOL_CONVERSION = YES;
				CLANG_WARN_COMMA = YES;
				CLANG_WARN_CONSTANT_CONVERSION = YES;
				CLANG_WARN_DEPRECATED_OBJC_IMPLEMENTATIONS = YES;
				CLANG_WARN_DIRECT_OBJC_ISA_USAGE = YES_ERROR;
				CLANG_WARN_DOCUMENTATION_COMMENTS = YES;
				CLANG_WARN_EMPTY_BODY = YES;
				CLANG_WARN_ENUM_CONVERSION = YES;
				CLANG_WARN_INFINITE_RECURSION = YES;
				CLANG_WARN_INT_CONVERSION = YES;
				CLANG_WARN_NON_LITERAL_NULL_CONVERSION = YES;
				CLANG_WARN_OBJC_IMPLICIT_RETAIN_SELF = YES;
				CLANG_WARN_OBJC_LITERAL_CONVERSION = YES;
				CLANG_WARN_OBJC_ROOT_CLASS = YES_ERROR;
				CLANG_WARN_QUOTED_INCLUDE_IN_FRAMEWORK_HEADER = YES;
				CLANG_WARN_RANGE_LOOP_ANALYSIS = YES;
				CLANG_WARN_STRICT_PROTOTYPES = YES;
				CLANG_WARN_SUSPICIOUS_MOVE = YES;
				CLANG_WARN_UNGUARDED_AVAILABILITY = YES_AGGRESSIVE;
				CLANG_WARN_UNREACHABLE_CODE = YES;
				CLANG_WARN__DUPLICATE_METHOD_MATCH = YES;
				COPY_PHASE_STRIP = NO;
				DEBUG_INFORMATION_FORMAT = "dwarf-with-dsym";
				ENABLE_NS_ASSERTIONS = NO;
				ENABLE_STRICT_OBJC_MSGSEND = YES;
				GCC_C_LANGUAGE_STANDARD = gnu11;
				GCC_NO_COMMON_BLOCKS = YES;
				GCC_WARN_64_TO_32_BIT_CONVERSION = YES;
				GCC_WARN_ABOUT_RETURN_TYPE = YES_ERROR;
				GCC_WARN_UNDECLARED_SELECTOR = YES;
				GCC_WARN_UNINITIALIZED_AUTOS = YES_AGGRESSIVE;
				GCC_WARN_UNUSED_FUNCTION = YES;
				GCC_WARN_UNUSED_VARIABLE = YES;
				IPHONEOS_DEPLOYMENT_TARGET = 11.0;
				MTL_ENABLE_DEBUG_INFO = NO;
				MTL_FAST_MATH = YES;
				SDKROOT = iphoneos;
				SWIFT_COMPILATION_MODE = wholemodule;
				SWIFT_OPTIMIZATION_LEVEL = "-O";
				VALIDATE_PRODUCT = YES;
			};
			name = Release;
		};
		032AB234284E01C600C6A83A /* Debug */ = {
			isa = XCBuildConfiguration;
			buildSettings = {
				ASSETCATALOG_COMPILER_APPICON_NAME = AppIcon;
				ASSETCATALOG_COMPILER_GLOBAL_ACCENT_COLOR_NAME = AccentColor;
				CODE_SIGN_STYLE = Automatic;
				CURRENT_PROJECT_VERSION = 1;
				DEVELOPMENT_TEAM = JKVZH68BTJ;
				GENERATE_INFOPLIST_FILE = YES;
				INFOPLIST_FILE = FootballNews/Info.plist;
				INFOPLIST_KEY_UIApplicationSupportsIndirectInputEvents = YES;
				INFOPLIST_KEY_UILaunchStoryboardName = LaunchScreen;
				INFOPLIST_KEY_UIMainStoryboardFile = LaunchScreen;
				INFOPLIST_KEY_UISupportedInterfaceOrientations_iPad = "UIInterfaceOrientationPortrait UIInterfaceOrientationPortraitUpsideDown UIInterfaceOrientationLandscapeLeft UIInterfaceOrientationLandscapeRight";
				INFOPLIST_KEY_UISupportedInterfaceOrientations_iPhone = "UIInterfaceOrientationPortrait UIInterfaceOrientationLandscapeLeft UIInterfaceOrientationLandscapeRight";
				LD_RUNPATH_SEARCH_PATHS = (
					"$(inherited)",
					"@executable_path/Frameworks",
				);
				MARKETING_VERSION = 1.0;
				PRODUCT_BUNDLE_IDENTIFIER = BaoMoi.FootballNews;
				PRODUCT_NAME = "$(TARGET_NAME)";
				SWIFT_EMIT_LOC_STRINGS = YES;
				SWIFT_VERSION = 5.0;
				TARGETED_DEVICE_FAMILY = "1,2";
			};
			name = Debug;
		};
		032AB235284E01C600C6A83A /* Release */ = {
			isa = XCBuildConfiguration;
			buildSettings = {
				ASSETCATALOG_COMPILER_APPICON_NAME = AppIcon;
				ASSETCATALOG_COMPILER_GLOBAL_ACCENT_COLOR_NAME = AccentColor;
				CODE_SIGN_STYLE = Automatic;
				CURRENT_PROJECT_VERSION = 1;
				DEVELOPMENT_TEAM = JKVZH68BTJ;
				GENERATE_INFOPLIST_FILE = YES;
				INFOPLIST_FILE = FootballNews/Info.plist;
				INFOPLIST_KEY_UIApplicationSupportsIndirectInputEvents = YES;
				INFOPLIST_KEY_UILaunchStoryboardName = LaunchScreen;
				INFOPLIST_KEY_UIMainStoryboardFile = LaunchScreen;
				INFOPLIST_KEY_UISupportedInterfaceOrientations_iPad = "UIInterfaceOrientationPortrait UIInterfaceOrientationPortraitUpsideDown UIInterfaceOrientationLandscapeLeft UIInterfaceOrientationLandscapeRight";
				INFOPLIST_KEY_UISupportedInterfaceOrientations_iPhone = "UIInterfaceOrientationPortrait UIInterfaceOrientationLandscapeLeft UIInterfaceOrientationLandscapeRight";
				LD_RUNPATH_SEARCH_PATHS = (
					"$(inherited)",
					"@executable_path/Frameworks",
				);
				MARKETING_VERSION = 1.0;
				PRODUCT_BUNDLE_IDENTIFIER = BaoMoi.FootballNews;
				PRODUCT_NAME = "$(TARGET_NAME)";
				SWIFT_EMIT_LOC_STRINGS = YES;
				SWIFT_VERSION = 5.0;
				TARGETED_DEVICE_FAMILY = "1,2";
			};
			name = Release;
		};
		032AB237284E01C600C6A83A /* Debug */ = {
			isa = XCBuildConfiguration;
			buildSettings = {
				ALWAYS_EMBED_SWIFT_STANDARD_LIBRARIES = YES;
				BUNDLE_LOADER = "$(TEST_HOST)";
				CODE_SIGN_STYLE = Automatic;
				CURRENT_PROJECT_VERSION = 1;
				GENERATE_INFOPLIST_FILE = YES;
				IPHONEOS_DEPLOYMENT_TARGET = 15.5;
				MARKETING_VERSION = 1.0;
				PRODUCT_BUNDLE_IDENTIFIER = BaoMoi.FootballNewsTests;
				PRODUCT_NAME = "$(TARGET_NAME)";
				SWIFT_EMIT_LOC_STRINGS = NO;
				SWIFT_VERSION = 5.0;
				TARGETED_DEVICE_FAMILY = "1,2";
				TEST_HOST = "$(BUILT_PRODUCTS_DIR)/FootballNews.app/FootballNews";
			};
			name = Debug;
		};
		032AB238284E01C600C6A83A /* Release */ = {
			isa = XCBuildConfiguration;
			buildSettings = {
				ALWAYS_EMBED_SWIFT_STANDARD_LIBRARIES = YES;
				BUNDLE_LOADER = "$(TEST_HOST)";
				CODE_SIGN_STYLE = Automatic;
				CURRENT_PROJECT_VERSION = 1;
				GENERATE_INFOPLIST_FILE = YES;
				IPHONEOS_DEPLOYMENT_TARGET = 15.5;
				MARKETING_VERSION = 1.0;
				PRODUCT_BUNDLE_IDENTIFIER = BaoMoi.FootballNewsTests;
				PRODUCT_NAME = "$(TARGET_NAME)";
				SWIFT_EMIT_LOC_STRINGS = NO;
				SWIFT_VERSION = 5.0;
				TARGETED_DEVICE_FAMILY = "1,2";
				TEST_HOST = "$(BUILT_PRODUCTS_DIR)/FootballNews.app/FootballNews";
			};
			name = Release;
		};
		032AB23A284E01C600C6A83A /* Debug */ = {
			isa = XCBuildConfiguration;
			buildSettings = {
				ALWAYS_EMBED_SWIFT_STANDARD_LIBRARIES = YES;
				CODE_SIGN_STYLE = Automatic;
				CURRENT_PROJECT_VERSION = 1;
				GENERATE_INFOPLIST_FILE = YES;
				MARKETING_VERSION = 1.0;
				PRODUCT_BUNDLE_IDENTIFIER = BaoMoi.FootballNewsUITests;
				PRODUCT_NAME = "$(TARGET_NAME)";
				SWIFT_EMIT_LOC_STRINGS = NO;
				SWIFT_VERSION = 5.0;
				TARGETED_DEVICE_FAMILY = "1,2";
				TEST_TARGET_NAME = FootballNews;
			};
			name = Debug;
		};
		032AB23B284E01C600C6A83A /* Release */ = {
			isa = XCBuildConfiguration;
			buildSettings = {
				ALWAYS_EMBED_SWIFT_STANDARD_LIBRARIES = YES;
				CODE_SIGN_STYLE = Automatic;
				CURRENT_PROJECT_VERSION = 1;
				GENERATE_INFOPLIST_FILE = YES;
				MARKETING_VERSION = 1.0;
				PRODUCT_BUNDLE_IDENTIFIER = BaoMoi.FootballNewsUITests;
				PRODUCT_NAME = "$(TARGET_NAME)";
				SWIFT_EMIT_LOC_STRINGS = NO;
				SWIFT_VERSION = 5.0;
				TARGETED_DEVICE_FAMILY = "1,2";
				TEST_TARGET_NAME = FootballNews;
			};
			name = Release;
		};
/* End XCBuildConfiguration section */

/* Begin XCConfigurationList section */
		032AB204284E01C400C6A83A /* Build configuration list for PBXProject "FootballNews" */ = {
			isa = XCConfigurationList;
			buildConfigurations = (
				032AB231284E01C600C6A83A /* Debug */,
				032AB232284E01C600C6A83A /* Release */,
			);
			defaultConfigurationIsVisible = 0;
			defaultConfigurationName = Release;
		};
		032AB233284E01C600C6A83A /* Build configuration list for PBXNativeTarget "FootballNews" */ = {
			isa = XCConfigurationList;
			buildConfigurations = (
				032AB234284E01C600C6A83A /* Debug */,
				032AB235284E01C600C6A83A /* Release */,
			);
			defaultConfigurationIsVisible = 0;
			defaultConfigurationName = Release;
		};
		032AB236284E01C600C6A83A /* Build configuration list for PBXNativeTarget "FootballNewsTests" */ = {
			isa = XCConfigurationList;
			buildConfigurations = (
				032AB237284E01C600C6A83A /* Debug */,
				032AB238284E01C600C6A83A /* Release */,
			);
			defaultConfigurationIsVisible = 0;
			defaultConfigurationName = Release;
		};
		032AB239284E01C600C6A83A /* Build configuration list for PBXNativeTarget "FootballNewsUITests" */ = {
			isa = XCConfigurationList;
			buildConfigurations = (
				032AB23A284E01C600C6A83A /* Debug */,
				032AB23B284E01C600C6A83A /* Release */,
			);
			defaultConfigurationIsVisible = 0;
			defaultConfigurationName = Release;
		};
/* End XCConfigurationList section */
	};
	rootObject = 032AB201284E01C400C6A83A /* Project object */;
}
